// !$*UTF8*$!
{
	archiveVersion = 1;
	classes = {
	};
	objectVersion = 48;
	objects = {

/* Begin PBXBuildFile section */
		1B101ABB207363ED002B8046 /* AppDelegate.swift in Sources */ = {isa = PBXBuildFile; fileRef = 1B101ABA207363ED002B8046 /* AppDelegate.swift */; };
		1B101AC0207363ED002B8046 /* Main.storyboard in Resources */ = {isa = PBXBuildFile; fileRef = 1B101ABE207363ED002B8046 /* Main.storyboard */; };
		1B101AC2207363ED002B8046 /* Assets.xcassets in Resources */ = {isa = PBXBuildFile; fileRef = 1B101AC1207363ED002B8046 /* Assets.xcassets */; };
		1B101AC5207363ED002B8046 /* LaunchScreen.storyboard in Resources */ = {isa = PBXBuildFile; fileRef = 1B101AC3207363ED002B8046 /* LaunchScreen.storyboard */; };
		1B101ADC20736AA3002B8046 /* SWRevealViewController.m in Sources */ = {isa = PBXBuildFile; fileRef = 1B101ADB20736AA3002B8046 /* SWRevealViewController.m */; };
		1B6DBC0A20751FCD0000A995 /* BudgetViewController.swift in Sources */ = {isa = PBXBuildFile; fileRef = 1B6DBC0920751FCD0000A995 /* BudgetViewController.swift */; };
		1B6DBC0C207520080000A995 /* ConfigurationTableViewController.swift in Sources */ = {isa = PBXBuildFile; fileRef = 1B6DBC0B207520080000A995 /* ConfigurationTableViewController.swift */; };
		1B6DBC0E207520530000A995 /* ThresholdViewController.swift in Sources */ = {isa = PBXBuildFile; fileRef = 1B6DBC0D207520530000A995 /* ThresholdViewController.swift */; };
		1B757C282089CE250000512C /* LogInViewController.swift in Sources */ = {isa = PBXBuildFile; fileRef = 1B757C272089CE250000512C /* LogInViewController.swift */; };
		1B757C2A2089CEDD0000512C /* RegistrationViewController.swift in Sources */ = {isa = PBXBuildFile; fileRef = 1B757C292089CEDD0000512C /* RegistrationViewController.swift */; };
		1B757C2D2089D6930000512C /* BudgetTableViewCell.swift in Sources */ = {isa = PBXBuildFile; fileRef = 1B757C2B2089D6930000512C /* BudgetTableViewCell.swift */; };
		1B757C2E2089D6930000512C /* BudgetTableViewCell.xib in Resources */ = {isa = PBXBuildFile; fileRef = 1B757C2C2089D6930000512C /* BudgetTableViewCell.xib */; };
		1B757C362089F44A0000512C /* ExpensesTableViewCell.swift in Sources */ = {isa = PBXBuildFile; fileRef = 1B757C342089F44A0000512C /* ExpensesTableViewCell.swift */; };
		1B757C372089F44A0000512C /* ExpensesTableViewCell.xib in Resources */ = {isa = PBXBuildFile; fileRef = 1B757C352089F44A0000512C /* ExpensesTableViewCell.xib */; };
		1B757C392089FE290000512C /* ExpensesDashboardViewController.swift in Sources */ = {isa = PBXBuildFile; fileRef = 1B757C382089FE290000512C /* ExpensesDashboardViewController.swift */; };
		35FA9C8CBF5CA58E3A63FA72 /* Pods_BudgetApp.framework in Frameworks */ = {isa = PBXBuildFile; fileRef = A9E9A13824D68C12857F1B59 /* Pods_BudgetApp.framework */; };
		E2147E7D208A541100D02C86 /* ViewSetupable.swift in Sources */ = {isa = PBXBuildFile; fileRef = E2147E7C208A541100D02C86 /* ViewSetupable.swift */; };
		E2147E80208A5F4100D02C86 /* CellDequeueble.swift in Sources */ = {isa = PBXBuildFile; fileRef = E2147E7F208A5F4100D02C86 /* CellDequeueble.swift */; };
		E2147E82208A5F5900D02C86 /* Registrable.swift in Sources */ = {isa = PBXBuildFile; fileRef = E2147E81208A5F5900D02C86 /* Registrable.swift */; };
		E2147E84208A5F7600D02C86 /* NibLoadable.swift in Sources */ = {isa = PBXBuildFile; fileRef = E2147E83208A5F7600D02C86 /* NibLoadable.swift */; };
		E2147E86208A5F8E00D02C86 /* ReusableView.swift in Sources */ = {isa = PBXBuildFile; fileRef = E2147E85208A5F8E00D02C86 /* ReusableView.swift */; };
		E2147E88208A5FA600D02C86 /* UserInterfaceCheckable.swift in Sources */ = {isa = PBXBuildFile; fileRef = E2147E87208A5FA600D02C86 /* UserInterfaceCheckable.swift */; };
		E2147E8A208A5FCC00D02C86 /* UICollectionView+CellDequeueble.swift in Sources */ = {isa = PBXBuildFile; fileRef = E2147E89208A5FCC00D02C86 /* UICollectionView+CellDequeueble.swift */; };
		E2147E8C208A5FE100D02C86 /* UICollectionView+Registrable.swift in Sources */ = {isa = PBXBuildFile; fileRef = E2147E8B208A5FE100D02C86 /* UICollectionView+Registrable.swift */; };
		E2147E8E208A600300D02C86 /* UITableView+CellDequeueble.swift in Sources */ = {isa = PBXBuildFile; fileRef = E2147E8D208A600300D02C86 /* UITableView+CellDequeueble.swift */; };
		E2147E90208A601600D02C86 /* UITableView+Registrable.swift in Sources */ = {isa = PBXBuildFile; fileRef = E2147E8F208A601600D02C86 /* UITableView+Registrable.swift */; };
		E2147E92208A603100D02C86 /* UIView+ConstrainEdges.swift in Sources */ = {isa = PBXBuildFile; fileRef = E2147E91208A603100D02C86 /* UIView+ConstrainEdges.swift */; };
		E2147E94208A604400D02C86 /* UIView+NibLoadableView.swift in Sources */ = {isa = PBXBuildFile; fileRef = E2147E93208A604400D02C86 /* UIView+NibLoadableView.swift */; };
		E2147E96208A605700D02C86 /* UIView+ReusableView.swift in Sources */ = {isa = PBXBuildFile; fileRef = E2147E95208A605700D02C86 /* UIView+ReusableView.swift */; };
		E2147E98208A617200D02C86 /* Budget.swift in Sources */ = {isa = PBXBuildFile; fileRef = E2147E97208A617200D02C86 /* Budget.swift */; };
		E217A14120B4883A0047361F /* HomeTableViewController.swift in Sources */ = {isa = PBXBuildFile; fileRef = E217A14020B4883A0047361F /* HomeTableViewController.swift */; };
		E217A14420B488DC0047361F /* ExpensesViewController.swift in Sources */ = {isa = PBXBuildFile; fileRef = E217A14220B488DB0047361F /* ExpensesViewController.swift */; };
		E217A14520B488DC0047361F /* NewExpenseViewController.swift in Sources */ = {isa = PBXBuildFile; fileRef = E217A14320B488DB0047361F /* NewExpenseViewController.swift */; };
		E217A14720B48AE20047361F /* MenuItem.swift in Sources */ = {isa = PBXBuildFile; fileRef = E217A14620B48AE20047361F /* MenuItem.swift */; };
		E217A14920B48B460047361F /* HomeMenuItems.plist in Resources */ = {isa = PBXBuildFile; fileRef = E217A14820B48B460047361F /* HomeMenuItems.plist */; };
		E217A14E20B48D9F0047361F /* FileLoaderError.swift in Sources */ = {isa = PBXBuildFile; fileRef = E217A14D20B48D9F0047361F /* FileLoaderError.swift */; };
		E217A15020B4909F0047361F /* DecoderError.swift in Sources */ = {isa = PBXBuildFile; fileRef = E217A14F20B4909F0047361F /* DecoderError.swift */; };
		E217A15220B490CD0047361F /* FileLoaderResultType.swift in Sources */ = {isa = PBXBuildFile; fileRef = E217A15120B490CD0047361F /* FileLoaderResultType.swift */; };
		E217A15420B4EDBE0047361F /* FileLoadable.swift in Sources */ = {isa = PBXBuildFile; fileRef = E217A15320B4EDBE0047361F /* FileLoadable.swift */; };
		E217A15620B4F0130047361F /* JSONFileLoader.swift in Sources */ = {isa = PBXBuildFile; fileRef = E217A15520B4F0130047361F /* JSONFileLoader.swift */; };
		E217A15820B4F0EC0047361F /* PlistFileLoader.swift in Sources */ = {isa = PBXBuildFile; fileRef = E217A15720B4F0EC0047361F /* PlistFileLoader.swift */; };
		E249EB7D20B12E820068CF43 /* Budget.storyboard in Resources */ = {isa = PBXBuildFile; fileRef = E249EB7C20B12E820068CF43 /* Budget.storyboard */; };
		E249EB7F20B1F3A80068CF43 /* Configuration.storyboard in Resources */ = {isa = PBXBuildFile; fileRef = E249EB7E20B1F3A80068CF43 /* Configuration.storyboard */; };
		E249EB8120B1F42A0068CF43 /* Thresholds.storyboard in Resources */ = {isa = PBXBuildFile; fileRef = E249EB8020B1F42A0068CF43 /* Thresholds.storyboard */; };
		E249EB8320B1F46A0068CF43 /* Expenses.storyboard in Resources */ = {isa = PBXBuildFile; fileRef = E249EB8220B1F46A0068CF43 /* Expenses.storyboard */; };
		E249EB8520B1F4FA0068CF43 /* ExpensesDashboard.storyboard in Resources */ = {isa = PBXBuildFile; fileRef = E249EB8420B1F4FA0068CF43 /* ExpensesDashboard.storyboard */; };
		E2550002208A70BD0010E203 /* AlertViewPresenter.swift in Sources */ = {isa = PBXBuildFile; fileRef = E2550001208A70BD0010E203 /* AlertViewPresenter.swift */; };
		E2550004208A70CF0010E203 /* AlertViewPresenterDelegate.swift in Sources */ = {isa = PBXBuildFile; fileRef = E2550003208A70CF0010E203 /* AlertViewPresenterDelegate.swift */; };
		E2550007208A71090010E203 /* NotificationName.swift in Sources */ = {isa = PBXBuildFile; fileRef = E2550006208A71090010E203 /* NotificationName.swift */; };
		E2550009208A71440010E203 /* NotificationUserInfoKey.swift in Sources */ = {isa = PBXBuildFile; fileRef = E2550008208A71440010E203 /* NotificationUserInfoKey.swift */; };
		E255000B208A718A0010E203 /* PickerViewPresentable.swift in Sources */ = {isa = PBXBuildFile; fileRef = E255000A208A718A0010E203 /* PickerViewPresentable.swift */; };
		E255000D208A71A50010E203 /* StoryboardIdentifiable.swift in Sources */ = {isa = PBXBuildFile; fileRef = E255000C208A71A50010E203 /* StoryboardIdentifiable.swift */; };
		E255000F208A72250010E203 /* Date+Utility.swift in Sources */ = {isa = PBXBuildFile; fileRef = E255000E208A72250010E203 /* Date+Utility.swift */; };
		E255FFED208A6F2C0010E203 /* NetworkResultType.swift in Sources */ = {isa = PBXBuildFile; fileRef = E255FFEC208A6F2C0010E203 /* NetworkResultType.swift */; };
		E255FFEF208A6F540010E203 /* UIStoryboard+Storyboard.swift in Sources */ = {isa = PBXBuildFile; fileRef = E255FFEE208A6F540010E203 /* UIStoryboard+Storyboard.swift */; };
		E255FFF1208A6F750010E203 /* UIViewController+StoryboardIdentifiable.swift in Sources */ = {isa = PBXBuildFile; fileRef = E255FFF0208A6F750010E203 /* UIViewController+StoryboardIdentifiable.swift */; };
		E255FFF3208A6FAC0010E203 /* ErrorHandleable.swift in Sources */ = {isa = PBXBuildFile; fileRef = E255FFF2208A6FAC0010E203 /* ErrorHandleable.swift */; };
		E255FFF6208A6FED0010E203 /* NetworkError.swift in Sources */ = {isa = PBXBuildFile; fileRef = E255FFF5208A6FED0010E203 /* NetworkError.swift */; };
		E255FFF8208A701E0010E203 /* NetworkConnectionUtility.swift in Sources */ = {isa = PBXBuildFile; fileRef = E255FFF7208A701E0010E203 /* NetworkConnectionUtility.swift */; };
		E255FFFA208A703E0010E203 /* SegueIdentifierType.swift in Sources */ = {isa = PBXBuildFile; fileRef = E255FFF9208A703E0010E203 /* SegueIdentifierType.swift */; };
		E255FFFD208A70790010E203 /* Logger.swift in Sources */ = {isa = PBXBuildFile; fileRef = E255FFFC208A70790010E203 /* Logger.swift */; };
		E255FFFF208A70890010E203 /* LogEventType.swift in Sources */ = {isa = PBXBuildFile; fileRef = E255FFFE208A70890010E203 /* LogEventType.swift */; };
		E2B01DAC208E39820095C0F5 /* BudgetDetails.swift in Sources */ = {isa = PBXBuildFile; fileRef = E2B01DAB208E39820095C0F5 /* BudgetDetails.swift */; };
		E2B01DAE208E3A800095C0F5 /* BudgetStatusType.swift in Sources */ = {isa = PBXBuildFile; fileRef = E2B01DAD208E3A800095C0F5 /* BudgetStatusType.swift */; };
		E2B01DB0208E3C4B0095C0F5 /* Category.swift in Sources */ = {isa = PBXBuildFile; fileRef = E2B01DAF208E3C4B0095C0F5 /* Category.swift */; };
		E2B01DB2208E3CB40095C0F5 /* Expenses.swift in Sources */ = {isa = PBXBuildFile; fileRef = E2B01DB1208E3CB40095C0F5 /* Expenses.swift */; };
		E2B01DB4208E3DE40095C0F5 /* Currency.swift in Sources */ = {isa = PBXBuildFile; fileRef = E2B01DB3208E3DE40095C0F5 /* Currency.swift */; };
		E2B01DB6208E4EB20095C0F5 /* Period.swift in Sources */ = {isa = PBXBuildFile; fileRef = E2B01DB5208E4EB20095C0F5 /* Period.swift */; };
		E2B01DB8208E4F870095C0F5 /* Threshold.swift in Sources */ = {isa = PBXBuildFile; fileRef = E2B01DB7208E4F870095C0F5 /* Threshold.swift */; };
		E2B01DBA208E4FD50095C0F5 /* ThresholdPeriod.swift in Sources */ = {isa = PBXBuildFile; fileRef = E2B01DB9208E4FD50095C0F5 /* ThresholdPeriod.swift */; };
		E2B01DBC208E4FFE0095C0F5 /* User.swift in Sources */ = {isa = PBXBuildFile; fileRef = E2B01DBB208E4FFE0095C0F5 /* User.swift */; };
		E2E8379D209384A30026F1D3 /* BaseViewController.swift in Sources */ = {isa = PBXBuildFile; fileRef = E2E8379C209384A30026F1D3 /* BaseViewController.swift */; };
/* End PBXBuildFile section */

/* Begin PBXFileReference section */
		1B101AB7207363ED002B8046 /* BudgetApp.app */ = {isa = PBXFileReference; explicitFileType = wrapper.application; includeInIndex = 0; path = BudgetApp.app; sourceTree = BUILT_PRODUCTS_DIR; };
		1B101ABA207363ED002B8046 /* AppDelegate.swift */ = {isa = PBXFileReference; lastKnownFileType = sourcecode.swift; path = AppDelegate.swift; sourceTree = "<group>"; };
		1B101ABF207363ED002B8046 /* Base */ = {isa = PBXFileReference; lastKnownFileType = file.storyboard; name = Base; path = Base.lproj/Main.storyboard; sourceTree = "<group>"; };
		1B101AC1207363ED002B8046 /* Assets.xcassets */ = {isa = PBXFileReference; lastKnownFileType = folder.assetcatalog; path = Assets.xcassets; sourceTree = "<group>"; };
		1B101AC4207363ED002B8046 /* Base */ = {isa = PBXFileReference; lastKnownFileType = file.storyboard; name = Base; path = Base.lproj/LaunchScreen.storyboard; sourceTree = "<group>"; };
		1B101AC6207363ED002B8046 /* Info.plist */ = {isa = PBXFileReference; lastKnownFileType = text.plist.xml; path = Info.plist; sourceTree = "<group>"; };
		1B101AD920736AA3002B8046 /* BudgetApp-Bridging-Header.h */ = {isa = PBXFileReference; lastKnownFileType = sourcecode.c.h; path = "BudgetApp-Bridging-Header.h"; sourceTree = "<group>"; };
		1B101ADA20736AA3002B8046 /* SWRevealViewController.h */ = {isa = PBXFileReference; fileEncoding = 4; lastKnownFileType = sourcecode.c.h; path = SWRevealViewController.h; sourceTree = "<group>"; };
		1B101ADB20736AA3002B8046 /* SWRevealViewController.m */ = {isa = PBXFileReference; fileEncoding = 4; lastKnownFileType = sourcecode.c.objc; path = SWRevealViewController.m; sourceTree = "<group>"; };
		1B6DBC0920751FCD0000A995 /* BudgetViewController.swift */ = {isa = PBXFileReference; lastKnownFileType = sourcecode.swift; path = BudgetViewController.swift; sourceTree = "<group>"; };
		1B6DBC0B207520080000A995 /* ConfigurationTableViewController.swift */ = {isa = PBXFileReference; lastKnownFileType = sourcecode.swift; path = ConfigurationTableViewController.swift; sourceTree = "<group>"; };
		1B6DBC0D207520530000A995 /* ThresholdViewController.swift */ = {isa = PBXFileReference; lastKnownFileType = sourcecode.swift; path = ThresholdViewController.swift; sourceTree = "<group>"; };
		1B757C272089CE250000512C /* LogInViewController.swift */ = {isa = PBXFileReference; lastKnownFileType = sourcecode.swift; path = LogInViewController.swift; sourceTree = "<group>"; };
		1B757C292089CEDD0000512C /* RegistrationViewController.swift */ = {isa = PBXFileReference; lastKnownFileType = sourcecode.swift; path = RegistrationViewController.swift; sourceTree = "<group>"; };
		1B757C2B2089D6930000512C /* BudgetTableViewCell.swift */ = {isa = PBXFileReference; lastKnownFileType = sourcecode.swift; path = BudgetTableViewCell.swift; sourceTree = "<group>"; };
		1B757C2C2089D6930000512C /* BudgetTableViewCell.xib */ = {isa = PBXFileReference; lastKnownFileType = file.xib; path = BudgetTableViewCell.xib; sourceTree = "<group>"; };
		1B757C342089F44A0000512C /* ExpensesTableViewCell.swift */ = {isa = PBXFileReference; lastKnownFileType = sourcecode.swift; path = ExpensesTableViewCell.swift; sourceTree = "<group>"; };
		1B757C352089F44A0000512C /* ExpensesTableViewCell.xib */ = {isa = PBXFileReference; lastKnownFileType = file.xib; path = ExpensesTableViewCell.xib; sourceTree = "<group>"; };
		1B757C382089FE290000512C /* ExpensesDashboardViewController.swift */ = {isa = PBXFileReference; lastKnownFileType = sourcecode.swift; path = ExpensesDashboardViewController.swift; sourceTree = "<group>"; };
		A19FB307EC0B4A854886A791 /* Pods-BudgetApp.release.xcconfig */ = {isa = PBXFileReference; includeInIndex = 1; lastKnownFileType = text.xcconfig; name = "Pods-BudgetApp.release.xcconfig"; path = "Pods/Target Support Files/Pods-BudgetApp/Pods-BudgetApp.release.xcconfig"; sourceTree = "<group>"; };
		A9E9A13824D68C12857F1B59 /* Pods_BudgetApp.framework */ = {isa = PBXFileReference; explicitFileType = wrapper.framework; includeInIndex = 0; path = Pods_BudgetApp.framework; sourceTree = BUILT_PRODUCTS_DIR; };
		E2147E7C208A541100D02C86 /* ViewSetupable.swift */ = {isa = PBXFileReference; lastKnownFileType = sourcecode.swift; path = ViewSetupable.swift; sourceTree = "<group>"; };
		E2147E7F208A5F4100D02C86 /* CellDequeueble.swift */ = {isa = PBXFileReference; lastKnownFileType = sourcecode.swift; path = CellDequeueble.swift; sourceTree = "<group>"; };
		E2147E81208A5F5900D02C86 /* Registrable.swift */ = {isa = PBXFileReference; lastKnownFileType = sourcecode.swift; path = Registrable.swift; sourceTree = "<group>"; };
		E2147E83208A5F7600D02C86 /* NibLoadable.swift */ = {isa = PBXFileReference; lastKnownFileType = sourcecode.swift; path = NibLoadable.swift; sourceTree = "<group>"; };
		E2147E85208A5F8E00D02C86 /* ReusableView.swift */ = {isa = PBXFileReference; lastKnownFileType = sourcecode.swift; path = ReusableView.swift; sourceTree = "<group>"; };
		E2147E87208A5FA600D02C86 /* UserInterfaceCheckable.swift */ = {isa = PBXFileReference; lastKnownFileType = sourcecode.swift; path = UserInterfaceCheckable.swift; sourceTree = "<group>"; };
		E2147E89208A5FCC00D02C86 /* UICollectionView+CellDequeueble.swift */ = {isa = PBXFileReference; lastKnownFileType = sourcecode.swift; path = "UICollectionView+CellDequeueble.swift"; sourceTree = "<group>"; };
		E2147E8B208A5FE100D02C86 /* UICollectionView+Registrable.swift */ = {isa = PBXFileReference; lastKnownFileType = sourcecode.swift; path = "UICollectionView+Registrable.swift"; sourceTree = "<group>"; };
		E2147E8D208A600300D02C86 /* UITableView+CellDequeueble.swift */ = {isa = PBXFileReference; lastKnownFileType = sourcecode.swift; path = "UITableView+CellDequeueble.swift"; sourceTree = "<group>"; };
		E2147E8F208A601600D02C86 /* UITableView+Registrable.swift */ = {isa = PBXFileReference; lastKnownFileType = sourcecode.swift; path = "UITableView+Registrable.swift"; sourceTree = "<group>"; };
		E2147E91208A603100D02C86 /* UIView+ConstrainEdges.swift */ = {isa = PBXFileReference; lastKnownFileType = sourcecode.swift; path = "UIView+ConstrainEdges.swift"; sourceTree = "<group>"; };
		E2147E93208A604400D02C86 /* UIView+NibLoadableView.swift */ = {isa = PBXFileReference; lastKnownFileType = sourcecode.swift; path = "UIView+NibLoadableView.swift"; sourceTree = "<group>"; };
		E2147E95208A605700D02C86 /* UIView+ReusableView.swift */ = {isa = PBXFileReference; lastKnownFileType = sourcecode.swift; path = "UIView+ReusableView.swift"; sourceTree = "<group>"; };
		E2147E97208A617200D02C86 /* Budget.swift */ = {isa = PBXFileReference; lastKnownFileType = sourcecode.swift; path = Budget.swift; sourceTree = "<group>"; };
		E217A14020B4883A0047361F /* HomeTableViewController.swift */ = {isa = PBXFileReference; lastKnownFileType = sourcecode.swift; path = HomeTableViewController.swift; sourceTree = "<group>"; };
		E217A14220B488DB0047361F /* ExpensesViewController.swift */ = {isa = PBXFileReference; fileEncoding = 4; lastKnownFileType = sourcecode.swift; name = ExpensesViewController.swift; path = BudgetApp/Controller/Expenses/ExpensesViewController.swift; sourceTree = SOURCE_ROOT; };
		E217A14320B488DB0047361F /* NewExpenseViewController.swift */ = {isa = PBXFileReference; fileEncoding = 4; lastKnownFileType = sourcecode.swift; name = NewExpenseViewController.swift; path = BudgetApp/Controller/Expenses/NewExpenseViewController.swift; sourceTree = SOURCE_ROOT; };
		E217A14620B48AE20047361F /* MenuItem.swift */ = {isa = PBXFileReference; lastKnownFileType = sourcecode.swift; path = MenuItem.swift; sourceTree = "<group>"; };
		E217A14820B48B460047361F /* HomeMenuItems.plist */ = {isa = PBXFileReference; lastKnownFileType = text.plist.xml; path = HomeMenuItems.plist; sourceTree = "<group>"; };
		E217A14D20B48D9F0047361F /* FileLoaderError.swift */ = {isa = PBXFileReference; fileEncoding = 4; lastKnownFileType = sourcecode.swift; path = FileLoaderError.swift; sourceTree = "<group>"; };
		E217A14F20B4909F0047361F /* DecoderError.swift */ = {isa = PBXFileReference; lastKnownFileType = sourcecode.swift; path = DecoderError.swift; sourceTree = "<group>"; };
		E217A15120B490CD0047361F /* FileLoaderResultType.swift */ = {isa = PBXFileReference; lastKnownFileType = sourcecode.swift; path = FileLoaderResultType.swift; sourceTree = "<group>"; };
		E217A15320B4EDBE0047361F /* FileLoadable.swift */ = {isa = PBXFileReference; lastKnownFileType = sourcecode.swift; path = FileLoadable.swift; sourceTree = "<group>"; };
		E217A15520B4F0130047361F /* JSONFileLoader.swift */ = {isa = PBXFileReference; lastKnownFileType = sourcecode.swift; path = JSONFileLoader.swift; sourceTree = "<group>"; };
		E217A15720B4F0EC0047361F /* PlistFileLoader.swift */ = {isa = PBXFileReference; lastKnownFileType = sourcecode.swift; path = PlistFileLoader.swift; sourceTree = "<group>"; };
		E2345D54C72CA0276D0A0ACB /* Pods-BudgetApp.debug.xcconfig */ = {isa = PBXFileReference; includeInIndex = 1; lastKnownFileType = text.xcconfig; name = "Pods-BudgetApp.debug.xcconfig"; path = "Pods/Target Support Files/Pods-BudgetApp/Pods-BudgetApp.debug.xcconfig"; sourceTree = "<group>"; };
		E249EB7C20B12E820068CF43 /* Budget.storyboard */ = {isa = PBXFileReference; lastKnownFileType = file.storyboard; path = Budget.storyboard; sourceTree = "<group>"; };
		E249EB7E20B1F3A80068CF43 /* Configuration.storyboard */ = {isa = PBXFileReference; lastKnownFileType = file.storyboard; path = Configuration.storyboard; sourceTree = "<group>"; };
		E249EB8020B1F42A0068CF43 /* Thresholds.storyboard */ = {isa = PBXFileReference; lastKnownFileType = file.storyboard; path = Thresholds.storyboard; sourceTree = "<group>"; };
		E249EB8220B1F46A0068CF43 /* Expenses.storyboard */ = {isa = PBXFileReference; lastKnownFileType = file.storyboard; path = Expenses.storyboard; sourceTree = "<group>"; };
		E249EB8420B1F4FA0068CF43 /* ExpensesDashboard.storyboard */ = {isa = PBXFileReference; lastKnownFileType = file.storyboard; path = ExpensesDashboard.storyboard; sourceTree = "<group>"; };
		E2550001208A70BD0010E203 /* AlertViewPresenter.swift */ = {isa = PBXFileReference; lastKnownFileType = sourcecode.swift; path = AlertViewPresenter.swift; sourceTree = "<group>"; };
		E2550003208A70CF0010E203 /* AlertViewPresenterDelegate.swift */ = {isa = PBXFileReference; lastKnownFileType = sourcecode.swift; path = AlertViewPresenterDelegate.swift; sourceTree = "<group>"; };
		E2550006208A71090010E203 /* NotificationName.swift */ = {isa = PBXFileReference; lastKnownFileType = sourcecode.swift; path = NotificationName.swift; sourceTree = "<group>"; };
		E2550008208A71440010E203 /* NotificationUserInfoKey.swift */ = {isa = PBXFileReference; lastKnownFileType = sourcecode.swift; path = NotificationUserInfoKey.swift; sourceTree = "<group>"; };
		E255000A208A718A0010E203 /* PickerViewPresentable.swift */ = {isa = PBXFileReference; lastKnownFileType = sourcecode.swift; path = PickerViewPresentable.swift; sourceTree = "<group>"; };
		E255000C208A71A50010E203 /* StoryboardIdentifiable.swift */ = {isa = PBXFileReference; lastKnownFileType = sourcecode.swift; path = StoryboardIdentifiable.swift; sourceTree = "<group>"; };
		E255000E208A72250010E203 /* Date+Utility.swift */ = {isa = PBXFileReference; lastKnownFileType = sourcecode.swift; path = "Date+Utility.swift"; sourceTree = "<group>"; };
		E255FFEC208A6F2C0010E203 /* NetworkResultType.swift */ = {isa = PBXFileReference; lastKnownFileType = sourcecode.swift; path = NetworkResultType.swift; sourceTree = "<group>"; };
		E255FFEE208A6F540010E203 /* UIStoryboard+Storyboard.swift */ = {isa = PBXFileReference; lastKnownFileType = sourcecode.swift; path = "UIStoryboard+Storyboard.swift"; sourceTree = "<group>"; };
		E255FFF0208A6F750010E203 /* UIViewController+StoryboardIdentifiable.swift */ = {isa = PBXFileReference; lastKnownFileType = sourcecode.swift; path = "UIViewController+StoryboardIdentifiable.swift"; sourceTree = "<group>"; };
		E255FFF2208A6FAC0010E203 /* ErrorHandleable.swift */ = {isa = PBXFileReference; lastKnownFileType = sourcecode.swift; path = ErrorHandleable.swift; sourceTree = "<group>"; };
		E255FFF5208A6FED0010E203 /* NetworkError.swift */ = {isa = PBXFileReference; lastKnownFileType = sourcecode.swift; path = NetworkError.swift; sourceTree = "<group>"; };
		E255FFF7208A701E0010E203 /* NetworkConnectionUtility.swift */ = {isa = PBXFileReference; lastKnownFileType = sourcecode.swift; path = NetworkConnectionUtility.swift; sourceTree = "<group>"; };
		E255FFF9208A703E0010E203 /* SegueIdentifierType.swift */ = {isa = PBXFileReference; lastKnownFileType = sourcecode.swift; path = SegueIdentifierType.swift; sourceTree = "<group>"; };
		E255FFFC208A70790010E203 /* Logger.swift */ = {isa = PBXFileReference; lastKnownFileType = sourcecode.swift; path = Logger.swift; sourceTree = "<group>"; };
		E255FFFE208A70890010E203 /* LogEventType.swift */ = {isa = PBXFileReference; lastKnownFileType = sourcecode.swift; path = LogEventType.swift; sourceTree = "<group>"; };
		E2B01DAB208E39820095C0F5 /* BudgetDetails.swift */ = {isa = PBXFileReference; lastKnownFileType = sourcecode.swift; path = BudgetDetails.swift; sourceTree = "<group>"; };
		E2B01DAD208E3A800095C0F5 /* BudgetStatusType.swift */ = {isa = PBXFileReference; lastKnownFileType = sourcecode.swift; path = BudgetStatusType.swift; sourceTree = "<group>"; };
		E2B01DAF208E3C4B0095C0F5 /* Category.swift */ = {isa = PBXFileReference; lastKnownFileType = sourcecode.swift; path = Category.swift; sourceTree = "<group>"; };
		E2B01DB1208E3CB40095C0F5 /* Expenses.swift */ = {isa = PBXFileReference; lastKnownFileType = sourcecode.swift; path = Expenses.swift; sourceTree = "<group>"; };
		E2B01DB3208E3DE40095C0F5 /* Currency.swift */ = {isa = PBXFileReference; lastKnownFileType = sourcecode.swift; path = Currency.swift; sourceTree = "<group>"; };
		E2B01DB5208E4EB20095C0F5 /* Period.swift */ = {isa = PBXFileReference; lastKnownFileType = sourcecode.swift; path = Period.swift; sourceTree = "<group>"; };
		E2B01DB7208E4F870095C0F5 /* Threshold.swift */ = {isa = PBXFileReference; lastKnownFileType = sourcecode.swift; path = Threshold.swift; sourceTree = "<group>"; };
		E2B01DB9208E4FD50095C0F5 /* ThresholdPeriod.swift */ = {isa = PBXFileReference; lastKnownFileType = sourcecode.swift; path = ThresholdPeriod.swift; sourceTree = "<group>"; };
		E2B01DBB208E4FFE0095C0F5 /* User.swift */ = {isa = PBXFileReference; lastKnownFileType = sourcecode.swift; path = User.swift; sourceTree = "<group>"; };
		E2E8379C209384A30026F1D3 /* BaseViewController.swift */ = {isa = PBXFileReference; lastKnownFileType = sourcecode.swift; path = BaseViewController.swift; sourceTree = "<group>"; };
/* End PBXFileReference section */

/* Begin PBXFrameworksBuildPhase section */
		1B101AB4207363ED002B8046 /* Frameworks */ = {
			isa = PBXFrameworksBuildPhase;
			buildActionMask = 2147483647;
			files = (
				35FA9C8CBF5CA58E3A63FA72 /* Pods_BudgetApp.framework in Frameworks */,
			);
			runOnlyForDeploymentPostprocessing = 0;
		};
/* End PBXFrameworksBuildPhase section */

/* Begin PBXGroup section */
		1B101AAE207363ED002B8046 = {
			isa = PBXGroup;
			children = (
				1B101AB9207363ED002B8046 /* BudgetApp */,
				1B101AB8207363ED002B8046 /* Products */,
				DA3DFD931461C8B7D41585C7 /* Pods */,
				85F15EDF9BDA4CFF9E0233CC /* Frameworks */,
			);
			sourceTree = "<group>";
		};
		1B101AB8207363ED002B8046 /* Products */ = {
			isa = PBXGroup;
			children = (
				1B101AB7207363ED002B8046 /* BudgetApp.app */,
			);
			name = Products;
			sourceTree = "<group>";
		};
		1B101AB9207363ED002B8046 /* BudgetApp */ = {
			isa = PBXGroup;
			children = (
				E2147E7E208A5E7F00D02C86 /* Application */,
				E2B01DBD208E760F0095C0F5 /* Utility */,
				E255FFEB208A6F180010E203 /* NetworkLayer */,
				E2147E7B208A540100D02C86 /* Extensions */,
				E2147E7A208A53F900D02C86 /* Protocols */,
				E26F8699208A4C70005FB915 /* Controller */,
				E26F8698208A4C6C005FB915 /* View */,
				E26F8697208A4C66005FB915 /* Model */,
				E2147E78208A51A500D02C86 /* Storyboards */,
				E2147E79208A51D700D02C86 /* Resources */,
				1B101ACD207364B8002B8046 /* ObjC */,
			);
			path = BudgetApp;
			sourceTree = "<group>";
		};
		1B101ACD207364B8002B8046 /* ObjC */ = {
			isa = PBXGroup;
			children = (
				1B101ADA20736AA3002B8046 /* SWRevealViewController.h */,
				1B101ADB20736AA3002B8046 /* SWRevealViewController.m */,
				1B101AD920736AA3002B8046 /* BudgetApp-Bridging-Header.h */,
			);
			path = ObjC;
			sourceTree = "<group>";
		};
		1B101ADD207370DF002B8046 /* Expenses */ = {
			isa = PBXGroup;
			children = (
				E217A14220B488DB0047361F /* ExpensesViewController.swift */,
				E217A14320B488DB0047361F /* NewExpenseViewController.swift */,
			);
			name = Expenses;
			path = "Dépenses";
			sourceTree = "<group>";
		};
		85F15EDF9BDA4CFF9E0233CC /* Frameworks */ = {
			isa = PBXGroup;
			children = (
				A9E9A13824D68C12857F1B59 /* Pods_BudgetApp.framework */,
			);
			name = Frameworks;
			sourceTree = "<group>";
		};
		DA3DFD931461C8B7D41585C7 /* Pods */ = {
			isa = PBXGroup;
			children = (
				E2345D54C72CA0276D0A0ACB /* Pods-BudgetApp.debug.xcconfig */,
				A19FB307EC0B4A854886A791 /* Pods-BudgetApp.release.xcconfig */,
			);
			name = Pods;
			sourceTree = "<group>";
		};
		E2147E77208A4F7F00D02C86 /* TableViewCells */ = {
			isa = PBXGroup;
			children = (
				1B757C2B2089D6930000512C /* BudgetTableViewCell.swift */,
				1B757C2C2089D6930000512C /* BudgetTableViewCell.xib */,
				1B757C342089F44A0000512C /* ExpensesTableViewCell.swift */,
				1B757C352089F44A0000512C /* ExpensesTableViewCell.xib */,
			);
			path = TableViewCells;
			sourceTree = "<group>";
		};
		E2147E78208A51A500D02C86 /* Storyboards */ = {
			isa = PBXGroup;
			children = (
				E249EB7C20B12E820068CF43 /* Budget.storyboard */,
				E249EB7E20B1F3A80068CF43 /* Configuration.storyboard */,
				E249EB8420B1F4FA0068CF43 /* ExpensesDashboard.storyboard */,
				E249EB8220B1F46A0068CF43 /* Expenses.storyboard */,
				1B101AC3207363ED002B8046 /* LaunchScreen.storyboard */,
				1B101ABE207363ED002B8046 /* Main.storyboard */,
				E249EB8020B1F42A0068CF43 /* Thresholds.storyboard */,
			);
			path = Storyboards;
			sourceTree = "<group>";
		};
		E2147E79208A51D700D02C86 /* Resources */ = {
			isa = PBXGroup;
			children = (
				1B101AC1207363ED002B8046 /* Assets.xcassets */,
				1B101AC6207363ED002B8046 /* Info.plist */,
				E217A14820B48B460047361F /* HomeMenuItems.plist */,
			);
			path = Resources;
			sourceTree = "<group>";
		};
		E2147E7A208A53F900D02C86 /* Protocols */ = {
			isa = PBXGroup;
			children = (
				E2147E7C208A541100D02C86 /* ViewSetupable.swift */,
				E255000A208A718A0010E203 /* PickerViewPresentable.swift */,
				E255000C208A71A50010E203 /* StoryboardIdentifiable.swift */,
				E2147E7F208A5F4100D02C86 /* CellDequeueble.swift */,
				E2147E81208A5F5900D02C86 /* Registrable.swift */,
				E2147E83208A5F7600D02C86 /* NibLoadable.swift */,
				E2147E85208A5F8E00D02C86 /* ReusableView.swift */,
				E2147E87208A5FA600D02C86 /* UserInterfaceCheckable.swift */,
			);
			path = Protocols;
			sourceTree = "<group>";
		};
		E2147E7B208A540100D02C86 /* Extensions */ = {
			isa = PBXGroup;
			children = (
				E2147E89208A5FCC00D02C86 /* UICollectionView+CellDequeueble.swift */,
				E255000E208A72250010E203 /* Date+Utility.swift */,
				E255FFEE208A6F540010E203 /* UIStoryboard+Storyboard.swift */,
				E255FFF0208A6F750010E203 /* UIViewController+StoryboardIdentifiable.swift */,
				E2147E8B208A5FE100D02C86 /* UICollectionView+Registrable.swift */,
				E2147E8D208A600300D02C86 /* UITableView+CellDequeueble.swift */,
				E2147E8F208A601600D02C86 /* UITableView+Registrable.swift */,
				E2147E91208A603100D02C86 /* UIView+ConstrainEdges.swift */,
				E2147E93208A604400D02C86 /* UIView+NibLoadableView.swift */,
				E2147E95208A605700D02C86 /* UIView+ReusableView.swift */,
			);
			path = Extensions;
			sourceTree = "<group>";
		};
		E2147E7E208A5E7F00D02C86 /* Application */ = {
			isa = PBXGroup;
			children = (
				1B101ABA207363ED002B8046 /* AppDelegate.swift */,
			);
			path = Application;
			sourceTree = "<group>";
		};
		E217A14A20B48D4C0047361F /* DataLoader */ = {
			isa = PBXGroup;
			children = (
				E217A15320B4EDBE0047361F /* FileLoadable.swift */,
				E217A15120B490CD0047361F /* FileLoaderResultType.swift */,
				E217A15520B4F0130047361F /* JSONFileLoader.swift */,
				E217A15720B4F0EC0047361F /* PlistFileLoader.swift */,
			);
			path = DataLoader;
			sourceTree = "<group>";
		};
		E2550000208A70AE0010E203 /* AlertView */ = {
			isa = PBXGroup;
			children = (
				E2550001208A70BD0010E203 /* AlertViewPresenter.swift */,
				E2550003208A70CF0010E203 /* AlertViewPresenterDelegate.swift */,
			);
			path = AlertView;
			sourceTree = "<group>";
		};
		E2550005208A70FB0010E203 /* NotificationCenter */ = {
			isa = PBXGroup;
			children = (
				E2550006208A71090010E203 /* NotificationName.swift */,
				E2550008208A71440010E203 /* NotificationUserInfoKey.swift */,
			);
			path = NotificationCenter;
			sourceTree = "<group>";
		};
		E255FFEB208A6F180010E203 /* NetworkLayer */ = {
			isa = PBXGroup;
			children = (
				E255FFEC208A6F2C0010E203 /* NetworkResultType.swift */,
				E255FFF7208A701E0010E203 /* NetworkConnectionUtility.swift */,
			);
			path = NetworkLayer;
			sourceTree = "<group>";
		};
		E255FFF4208A6FCD0010E203 /* Errors */ = {
			isa = PBXGroup;
			children = (
				E255FFF2208A6FAC0010E203 /* ErrorHandleable.swift */,
				E217A14D20B48D9F0047361F /* FileLoaderError.swift */,
				E217A14F20B4909F0047361F /* DecoderError.swift */,
				E255FFF5208A6FED0010E203 /* NetworkError.swift */,
			);
			path = Errors;
			sourceTree = "<group>";
		};
		E255FFFB208A70640010E203 /* Logger */ = {
			isa = PBXGroup;
			children = (
				E255FFFC208A70790010E203 /* Logger.swift */,
				E255FFFE208A70890010E203 /* LogEventType.swift */,
			);
			path = Logger;
			sourceTree = "<group>";
		};
		E26F8697208A4C66005FB915 /* Model */ = {
			isa = PBXGroup;
			children = (
				E2147E97208A617200D02C86 /* Budget.swift */,
				E217A14620B48AE20047361F /* MenuItem.swift */,
				E2B01DAB208E39820095C0F5 /* BudgetDetails.swift */,
				E2B01DAD208E3A800095C0F5 /* BudgetStatusType.swift */,
				E2B01DAF208E3C4B0095C0F5 /* Category.swift */,
				E2B01DB3208E3DE40095C0F5 /* Currency.swift */,
				E2B01DB5208E4EB20095C0F5 /* Period.swift */,
				E2B01DB1208E3CB40095C0F5 /* Expenses.swift */,
				E2B01DB7208E4F870095C0F5 /* Threshold.swift */,
				E2B01DB9208E4FD50095C0F5 /* ThresholdPeriod.swift */,
				E2B01DBB208E4FFE0095C0F5 /* User.swift */,
			);
			path = Model;
			sourceTree = "<group>";
		};
		E26F8698208A4C6C005FB915 /* View */ = {
			isa = PBXGroup;
			children = (
				E2550000208A70AE0010E203 /* AlertView */,
				E2147E77208A4F7F00D02C86 /* TableViewCells */,
			);
			path = View;
			sourceTree = "<group>";
		};
		E26F8699208A4C70005FB915 /* Controller */ = {
			isa = PBXGroup;
			children = (
				1B101ADD207370DF002B8046 /* Expenses */,
				1B6DBC0D207520530000A995 /* ThresholdViewController.swift */,
				1B6DBC0920751FCD0000A995 /* BudgetViewController.swift */,
				1B757C382089FE290000512C /* ExpensesDashboardViewController.swift */,
				1B6DBC0B207520080000A995 /* ConfigurationTableViewController.swift */,
				1B757C292089CEDD0000512C /* RegistrationViewController.swift */,
				1B757C272089CE250000512C /* LogInViewController.swift */,
				E2E8379C209384A30026F1D3 /* BaseViewController.swift */,
				E217A14020B4883A0047361F /* HomeTableViewController.swift */,
			);
			path = Controller;
			sourceTree = "<group>";
		};
		E2B01DBD208E760F0095C0F5 /* Utility */ = {
			isa = PBXGroup;
			children = (
				E217A14A20B48D4C0047361F /* DataLoader */,
				E255FFF4208A6FCD0010E203 /* Errors */,
				E255FFFB208A70640010E203 /* Logger */,
				E2550005208A70FB0010E203 /* NotificationCenter */,
				E255FFF9208A703E0010E203 /* SegueIdentifierType.swift */,
			);
			path = Utility;
			sourceTree = "<group>";
		};
/* End PBXGroup section */

/* Begin PBXNativeTarget section */
		1B101AB6207363ED002B8046 /* BudgetApp */ = {
			isa = PBXNativeTarget;
			buildConfigurationList = 1B101AC9207363ED002B8046 /* Build configuration list for PBXNativeTarget "BudgetApp" */;
			buildPhases = (
				EF7C499AF409688773886D58 /* [CP] Check Pods Manifest.lock */,
				1B101AB3207363ED002B8046 /* Sources */,
				1B101AB4207363ED002B8046 /* Frameworks */,
				1B101AB5207363ED002B8046 /* Resources */,
				2B965E703ECA9894B5401CD8 /* [CP] Embed Pods Frameworks */,
			);
			buildRules = (
			);
			dependencies = (
			);
			name = BudgetApp;
			productName = BudgetApp;
			productReference = 1B101AB7207363ED002B8046 /* BudgetApp.app */;
			productType = "com.apple.product-type.application";
		};
/* End PBXNativeTarget section */

/* Begin PBXProject section */
		1B101AAF207363ED002B8046 /* Project object */ = {
			isa = PBXProject;
			attributes = {
				LastSwiftUpdateCheck = 0920;
				LastUpgradeCheck = 0930;
				ORGANIZATIONNAME = "PHP AFRIQUE";
				TargetAttributes = {
					1B101AB6207363ED002B8046 = {
						CreatedOnToolsVersion = 9.2;
						LastSwiftMigration = 0920;
						ProvisioningStyle = Automatic;
					};
				};
			};
			buildConfigurationList = 1B101AB2207363ED002B8046 /* Build configuration list for PBXProject "BudgetApp" */;
			compatibilityVersion = "Xcode 8.0";
			developmentRegion = en;
			hasScannedForEncodings = 0;
			knownRegions = (
				en,
				Base,
			);
			mainGroup = 1B101AAE207363ED002B8046;
			productRefGroup = 1B101AB8207363ED002B8046 /* Products */;
			projectDirPath = "";
			projectRoot = "";
			targets = (
				1B101AB6207363ED002B8046 /* BudgetApp */,
			);
		};
/* End PBXProject section */

/* Begin PBXResourcesBuildPhase section */
		1B101AB5207363ED002B8046 /* Resources */ = {
			isa = PBXResourcesBuildPhase;
			buildActionMask = 2147483647;
			files = (
				1B101AC5207363ED002B8046 /* LaunchScreen.storyboard in Resources */,
				1B757C2E2089D6930000512C /* BudgetTableViewCell.xib in Resources */,
				E249EB8520B1F4FA0068CF43 /* ExpensesDashboard.storyboard in Resources */,
				1B101AC2207363ED002B8046 /* Assets.xcassets in Resources */,
				E249EB8120B1F42A0068CF43 /* Thresholds.storyboard in Resources */,
				E249EB8320B1F46A0068CF43 /* Expenses.storyboard in Resources */,
				1B101AC0207363ED002B8046 /* Main.storyboard in Resources */,
				E249EB7D20B12E820068CF43 /* Budget.storyboard in Resources */,
				E217A14920B48B460047361F /* HomeMenuItems.plist in Resources */,
				1B757C372089F44A0000512C /* ExpensesTableViewCell.xib in Resources */,
				E249EB7F20B1F3A80068CF43 /* Configuration.storyboard in Resources */,
			);
			runOnlyForDeploymentPostprocessing = 0;
		};
/* End PBXResourcesBuildPhase section */

/* Begin PBXShellScriptBuildPhase section */
		2B965E703ECA9894B5401CD8 /* [CP] Embed Pods Frameworks */ = {
			isa = PBXShellScriptBuildPhase;
			buildActionMask = 2147483647;
			files = (
			);
			inputPaths = (
				"${SRCROOT}/Pods/Target Support Files/Pods-BudgetApp/Pods-BudgetApp-frameworks.sh",
				"${BUILT_PRODUCTS_DIR}/Charts/Charts.framework",
			);
			name = "[CP] Embed Pods Frameworks";
			outputPaths = (
				"${TARGET_BUILD_DIR}/${FRAMEWORKS_FOLDER_PATH}/Charts.framework",
			);
			runOnlyForDeploymentPostprocessing = 0;
			shellPath = /bin/sh;
			shellScript = "\"${SRCROOT}/Pods/Target Support Files/Pods-BudgetApp/Pods-BudgetApp-frameworks.sh\"\n";
			showEnvVarsInLog = 0;
		};
		EF7C499AF409688773886D58 /* [CP] Check Pods Manifest.lock */ = {
			isa = PBXShellScriptBuildPhase;
			buildActionMask = 2147483647;
			files = (
			);
			inputPaths = (
				"${PODS_PODFILE_DIR_PATH}/Podfile.lock",
				"${PODS_ROOT}/Manifest.lock",
			);
			name = "[CP] Check Pods Manifest.lock";
			outputPaths = (
				"$(DERIVED_FILE_DIR)/Pods-BudgetApp-checkManifestLockResult.txt",
			);
			runOnlyForDeploymentPostprocessing = 0;
			shellPath = /bin/sh;
			shellScript = "diff \"${PODS_PODFILE_DIR_PATH}/Podfile.lock\" \"${PODS_ROOT}/Manifest.lock\" > /dev/null\nif [ $? != 0 ] ; then\n    # print error to STDERR\n    echo \"error: The sandbox is not in sync with the Podfile.lock. Run 'pod install' or update your CocoaPods installation.\" >&2\n    exit 1\nfi\n# This output is used by Xcode 'outputs' to avoid re-running this script phase.\necho \"SUCCESS\" > \"${SCRIPT_OUTPUT_FILE_0}\"\n";
			showEnvVarsInLog = 0;
		};
/* End PBXShellScriptBuildPhase section */

/* Begin PBXSourcesBuildPhase section */
		1B101AB3207363ED002B8046 /* Sources */ = {
			isa = PBXSourcesBuildPhase;
			buildActionMask = 2147483647;
			files = (
				1B757C2D2089D6930000512C /* BudgetTableViewCell.swift in Sources */,
				E2147E86208A5F8E00D02C86 /* ReusableView.swift in Sources */,
				E2B01DAE208E3A800095C0F5 /* BudgetStatusType.swift in Sources */,
				E2147E7D208A541100D02C86 /* ViewSetupable.swift in Sources */,
				1B6DBC0E207520530000A995 /* ThresholdViewController.swift in Sources */,
				E2147E90208A601600D02C86 /* UITableView+Registrable.swift in Sources */,
				E2550009208A71440010E203 /* NotificationUserInfoKey.swift in Sources */,
				E255FFF6208A6FED0010E203 /* NetworkError.swift in Sources */,
				E2147E92208A603100D02C86 /* UIView+ConstrainEdges.swift in Sources */,
				E2550004208A70CF0010E203 /* AlertViewPresenterDelegate.swift in Sources */,
				E2B01DB6208E4EB20095C0F5 /* Period.swift in Sources */,
				E255FFF8208A701E0010E203 /* NetworkConnectionUtility.swift in Sources */,
				E2B01DBA208E4FD50095C0F5 /* ThresholdPeriod.swift in Sources */,
				E2E8379D209384A30026F1D3 /* BaseViewController.swift in Sources */,
				E217A15820B4F0EC0047361F /* PlistFileLoader.swift in Sources */,
				E2B01DB8208E4F870095C0F5 /* Threshold.swift in Sources */,
				E255FFFA208A703E0010E203 /* SegueIdentifierType.swift in Sources */,
				E2B01DB2208E3CB40095C0F5 /* Expenses.swift in Sources */,
				E2B01DAC208E39820095C0F5 /* BudgetDetails.swift in Sources */,
				1B757C282089CE250000512C /* LogInViewController.swift in Sources */,
				E255000F208A72250010E203 /* Date+Utility.swift in Sources */,
				E255000B208A718A0010E203 /* PickerViewPresentable.swift in Sources */,
				E2550002208A70BD0010E203 /* AlertViewPresenter.swift in Sources */,
				E217A14120B4883A0047361F /* HomeTableViewController.swift in Sources */,
				1B101ABB207363ED002B8046 /* AppDelegate.swift in Sources */,
				E2B01DB4208E3DE40095C0F5 /* Currency.swift in Sources */,
				E255FFFF208A70890010E203 /* LogEventType.swift in Sources */,
				E217A15420B4EDBE0047361F /* FileLoadable.swift in Sources */,
				1B6DBC0A20751FCD0000A995 /* BudgetViewController.swift in Sources */,
				E2147E94208A604400D02C86 /* UIView+NibLoadableView.swift in Sources */,
				E2147E8C208A5FE100D02C86 /* UICollectionView+Registrable.swift in Sources */,
				E2550007208A71090010E203 /* NotificationName.swift in Sources */,
				E217A15220B490CD0047361F /* FileLoaderResultType.swift in Sources */,
				1B757C392089FE290000512C /* ExpensesDashboardViewController.swift in Sources */,
				E2147E8A208A5FCC00D02C86 /* UICollectionView+CellDequeueble.swift in Sources */,
				E2147E84208A5F7600D02C86 /* NibLoadable.swift in Sources */,
				E217A14420B488DC0047361F /* ExpensesViewController.swift in Sources */,
				E255FFF3208A6FAC0010E203 /* ErrorHandleable.swift in Sources */,
				E217A15020B4909F0047361F /* DecoderError.swift in Sources */,
				E2147E88208A5FA600D02C86 /* UserInterfaceCheckable.swift in Sources */,
				E217A15620B4F0130047361F /* JSONFileLoader.swift in Sources */,
				1B757C362089F44A0000512C /* ExpensesTableViewCell.swift in Sources */,
				E2147E80208A5F4100D02C86 /* CellDequeueble.swift in Sources */,
				E255000D208A71A50010E203 /* StoryboardIdentifiable.swift in Sources */,
				E255FFEF208A6F540010E203 /* UIStoryboard+Storyboard.swift in Sources */,
				E217A14E20B48D9F0047361F /* FileLoaderError.swift in Sources */,
				1B101ADC20736AA3002B8046 /* SWRevealViewController.m in Sources */,
				E217A14520B488DC0047361F /* NewExpenseViewController.swift in Sources */,
				E255FFFD208A70790010E203 /* Logger.swift in Sources */,
				E2B01DBC208E4FFE0095C0F5 /* User.swift in Sources */,
				E2147E98208A617200D02C86 /* Budget.swift in Sources */,
				1B6DBC0C207520080000A995 /* ConfigurationTableViewController.swift in Sources */,
				E255FFF1208A6F750010E203 /* UIViewController+StoryboardIdentifiable.swift in Sources */,
				E2147E96208A605700D02C86 /* UIView+ReusableView.swift in Sources */,
				E2147E82208A5F5900D02C86 /* Registrable.swift in Sources */,
				E2B01DB0208E3C4B0095C0F5 /* Category.swift in Sources */,
				E255FFED208A6F2C0010E203 /* NetworkResultType.swift in Sources */,
				E217A14720B48AE20047361F /* MenuItem.swift in Sources */,
				E2147E8E208A600300D02C86 /* UITableView+CellDequeueble.swift in Sources */,
				1B757C2A2089CEDD0000512C /* RegistrationViewController.swift in Sources */,
			);
			runOnlyForDeploymentPostprocessing = 0;
		};
/* End PBXSourcesBuildPhase section */

/* Begin PBXVariantGroup section */
		1B101ABE207363ED002B8046 /* Main.storyboard */ = {
			isa = PBXVariantGroup;
			children = (
				1B101ABF207363ED002B8046 /* Base */,
			);
			name = Main.storyboard;
			sourceTree = "<group>";
		};
		1B101AC3207363ED002B8046 /* LaunchScreen.storyboard */ = {
			isa = PBXVariantGroup;
			children = (
				1B101AC4207363ED002B8046 /* Base */,
			);
			name = LaunchScreen.storyboard;
			sourceTree = "<group>";
		};
/* End PBXVariantGroup section */

/* Begin XCBuildConfiguration section */
		1B101AC7207363ED002B8046 /* Debug */ = {
			isa = XCBuildConfiguration;
			buildSettings = {
				ALWAYS_SEARCH_USER_PATHS = NO;
				CLANG_ANALYZER_NONNULL = YES;
				CLANG_ANALYZER_NUMBER_OBJECT_CONVERSION = YES_AGGRESSIVE;
				CLANG_CXX_LANGUAGE_STANDARD = "gnu++14";
				CLANG_CXX_LIBRARY = "libc++";
				CLANG_ENABLE_MODULES = YES;
				CLANG_ENABLE_OBJC_ARC = YES;
				CLANG_WARN_BLOCK_CAPTURE_AUTORELEASING = YES;
				CLANG_WARN_BOOL_CONVERSION = YES;
				CLANG_WARN_COMMA = YES;
				CLANG_WARN_CONSTANT_CONVERSION = YES;
				CLANG_WARN_DEPRECATED_OBJC_IMPLEMENTATIONS = YES;
				CLANG_WARN_DIRECT_OBJC_ISA_USAGE = YES_ERROR;
				CLANG_WARN_DOCUMENTATION_COMMENTS = YES;
				CLANG_WARN_EMPTY_BODY = YES;
				CLANG_WARN_ENUM_CONVERSION = YES;
				CLANG_WARN_INFINITE_RECURSION = YES;
				CLANG_WARN_INT_CONVERSION = YES;
				CLANG_WARN_NON_LITERAL_NULL_CONVERSION = YES;
				CLANG_WARN_OBJC_IMPLICIT_RETAIN_SELF = YES;
				CLANG_WARN_OBJC_LITERAL_CONVERSION = YES;
				CLANG_WARN_OBJC_ROOT_CLASS = YES_ERROR;
				CLANG_WARN_RANGE_LOOP_ANALYSIS = YES;
				CLANG_WARN_STRICT_PROTOTYPES = YES;
				CLANG_WARN_SUSPICIOUS_MOVE = YES;
				CLANG_WARN_UNGUARDED_AVAILABILITY = YES_AGGRESSIVE;
				CLANG_WARN_UNREACHABLE_CODE = YES;
				CLANG_WARN__DUPLICATE_METHOD_MATCH = YES;
				CODE_SIGN_IDENTITY = "iPhone Developer";
				COPY_PHASE_STRIP = NO;
				DEBUG_INFORMATION_FORMAT = dwarf;
				ENABLE_STRICT_OBJC_MSGSEND = YES;
				ENABLE_TESTABILITY = YES;
				GCC_C_LANGUAGE_STANDARD = gnu11;
				GCC_DYNAMIC_NO_PIC = NO;
				GCC_NO_COMMON_BLOCKS = YES;
				GCC_OPTIMIZATION_LEVEL = 0;
				GCC_PREPROCESSOR_DEFINITIONS = (
					"DEBUG=1",
					"$(inherited)",
				);
				GCC_WARN_64_TO_32_BIT_CONVERSION = YES;
				GCC_WARN_ABOUT_RETURN_TYPE = YES_ERROR;
				GCC_WARN_UNDECLARED_SELECTOR = YES;
				GCC_WARN_UNINITIALIZED_AUTOS = YES_AGGRESSIVE;
				GCC_WARN_UNUSED_FUNCTION = YES;
				GCC_WARN_UNUSED_VARIABLE = YES;
				IPHONEOS_DEPLOYMENT_TARGET = 11.2;
				MTL_ENABLE_DEBUG_INFO = YES;
				ONLY_ACTIVE_ARCH = YES;
				SDKROOT = iphoneos;
				SWIFT_ACTIVE_COMPILATION_CONDITIONS = DEBUG;
				SWIFT_OPTIMIZATION_LEVEL = "-Onone";
			};
			name = Debug;
		};
		1B101AC8207363ED002B8046 /* Release */ = {
			isa = XCBuildConfiguration;
			buildSettings = {
				ALWAYS_SEARCH_USER_PATHS = NO;
				CLANG_ANALYZER_NONNULL = YES;
				CLANG_ANALYZER_NUMBER_OBJECT_CONVERSION = YES_AGGRESSIVE;
				CLANG_CXX_LANGUAGE_STANDARD = "gnu++14";
				CLANG_CXX_LIBRARY = "libc++";
				CLANG_ENABLE_MODULES = YES;
				CLANG_ENABLE_OBJC_ARC = YES;
				CLANG_WARN_BLOCK_CAPTURE_AUTORELEASING = YES;
				CLANG_WARN_BOOL_CONVERSION = YES;
				CLANG_WARN_COMMA = YES;
				CLANG_WARN_CONSTANT_CONVERSION = YES;
				CLANG_WARN_DEPRECATED_OBJC_IMPLEMENTATIONS = YES;
				CLANG_WARN_DIRECT_OBJC_ISA_USAGE = YES_ERROR;
				CLANG_WARN_DOCUMENTATION_COMMENTS = YES;
				CLANG_WARN_EMPTY_BODY = YES;
				CLANG_WARN_ENUM_CONVERSION = YES;
				CLANG_WARN_INFINITE_RECURSION = YES;
				CLANG_WARN_INT_CONVERSION = YES;
				CLANG_WARN_NON_LITERAL_NULL_CONVERSION = YES;
				CLANG_WARN_OBJC_IMPLICIT_RETAIN_SELF = YES;
				CLANG_WARN_OBJC_LITERAL_CONVERSION = YES;
				CLANG_WARN_OBJC_ROOT_CLASS = YES_ERROR;
				CLANG_WARN_RANGE_LOOP_ANALYSIS = YES;
				CLANG_WARN_STRICT_PROTOTYPES = YES;
				CLANG_WARN_SUSPICIOUS_MOVE = YES;
				CLANG_WARN_UNGUARDED_AVAILABILITY = YES_AGGRESSIVE;
				CLANG_WARN_UNREACHABLE_CODE = YES;
				CLANG_WARN__DUPLICATE_METHOD_MATCH = YES;
				CODE_SIGN_IDENTITY = "iPhone Developer";
				COPY_PHASE_STRIP = NO;
				DEBUG_INFORMATION_FORMAT = "dwarf-with-dsym";
				ENABLE_NS_ASSERTIONS = NO;
				ENABLE_STRICT_OBJC_MSGSEND = YES;
				GCC_C_LANGUAGE_STANDARD = gnu11;
				GCC_NO_COMMON_BLOCKS = YES;
				GCC_WARN_64_TO_32_BIT_CONVERSION = YES;
				GCC_WARN_ABOUT_RETURN_TYPE = YES_ERROR;
				GCC_WARN_UNDECLARED_SELECTOR = YES;
				GCC_WARN_UNINITIALIZED_AUTOS = YES_AGGRESSIVE;
				GCC_WARN_UNUSED_FUNCTION = YES;
				GCC_WARN_UNUSED_VARIABLE = YES;
				IPHONEOS_DEPLOYMENT_TARGET = 11.2;
				MTL_ENABLE_DEBUG_INFO = NO;
				SDKROOT = iphoneos;
				SWIFT_OPTIMIZATION_LEVEL = "-Owholemodule";
				VALIDATE_PRODUCT = YES;
			};
			name = Release;
		};
		1B101ACA207363ED002B8046 /* Debug */ = {
			isa = XCBuildConfiguration;
			baseConfigurationReference = E2345D54C72CA0276D0A0ACB /* Pods-BudgetApp.debug.xcconfig */;
			buildSettings = {
				ASSETCATALOG_COMPILER_APPICON_NAME = AppIcon;
				CLANG_ENABLE_MODULES = YES;
				CODE_SIGN_STYLE = Automatic;
				DEVELOPMENT_TEAM = L9L72R78Y3;
				INFOPLIST_FILE = BudgetApp/Resources/Info.plist;
				LD_RUNPATH_SEARCH_PATHS = "$(inherited) @executable_path/Frameworks";
				PRODUCT_BUNDLE_IDENTIFIER = com.milek.pawel.BudgetApp;
				PRODUCT_NAME = "$(TARGET_NAME)";
				SWIFT_OBJC_BRIDGING_HEADER = "BudgetApp/ObjC/BudgetApp-Bridging-Header.h";
				SWIFT_OPTIMIZATION_LEVEL = "-Onone";
				SWIFT_VERSION = 4.0;
				TARGETED_DEVICE_FAMILY = "1,2";
			};
			name = Debug;
		};
		1B101ACB207363ED002B8046 /* Release */ = {
			isa = XCBuildConfiguration;
			baseConfigurationReference = A19FB307EC0B4A854886A791 /* Pods-BudgetApp.release.xcconfig */;
			buildSettings = {
				ASSETCATALOG_COMPILER_APPICON_NAME = AppIcon;
				CLANG_ENABLE_MODULES = YES;
				CODE_SIGN_STYLE = Automatic;
				DEVELOPMENT_TEAM = L9L72R78Y3;
				INFOPLIST_FILE = BudgetApp/Resources/Info.plist;
				LD_RUNPATH_SEARCH_PATHS = "$(inherited) @executable_path/Frameworks";
				PRODUCT_BUNDLE_IDENTIFIER = com.milek.pawel.BudgetApp;
				PRODUCT_NAME = "$(TARGET_NAME)";
				SWIFT_OBJC_BRIDGING_HEADER = "BudgetApp/ObjC/BudgetApp-Bridging-Header.h";
				SWIFT_VERSION = 4.0;
				TARGETED_DEVICE_FAMILY = "1,2";
			};
			name = Release;
		};
/* End XCBuildConfiguration section */

/* Begin XCConfigurationList section */
		1B101AB2207363ED002B8046 /* Build configuration list for PBXProject "BudgetApp" */ = {
			isa = XCConfigurationList;
			buildConfigurations = (
				1B101AC7207363ED002B8046 /* Debug */,
				1B101AC8207363ED002B8046 /* Release */,
			);
			defaultConfigurationIsVisible = 0;
			defaultConfigurationName = Release;
		};
		1B101AC9207363ED002B8046 /* Build configuration list for PBXNativeTarget "BudgetApp" */ = {
			isa = XCConfigurationList;
			buildConfigurations = (
				1B101ACA207363ED002B8046 /* Debug */,
				1B101ACB207363ED002B8046 /* Release */,
			);
			defaultConfigurationIsVisible = 0;
			defaultConfigurationName = Release;
		};
/* End XCConfigurationList section */
	};
	rootObject = 1B101AAF207363ED002B8046 /* Project object */;
}
