// !$*UTF8*$!
{
	archiveVersion = 1;
	classes = {
	};
	objectVersion = 48;
	objects = {

/* Begin PBXBuildFile section */
		1B101ABB207363ED002B8046 /* AppDelegate.swift in Sources */ = {isa = PBXBuildFile; fileRef = 1B101ABA207363ED002B8046 /* AppDelegate.swift */; };
		1B101AC0207363ED002B8046 /* Main.storyboard in Resources */ = {isa = PBXBuildFile; fileRef = 1B101ABE207363ED002B8046 /* Main.storyboard */; };
		1B101AC2207363ED002B8046 /* Assets.xcassets in Resources */ = {isa = PBXBuildFile; fileRef = 1B101AC1207363ED002B8046 /* Assets.xcassets */; };
		1B101AC5207363ED002B8046 /* LaunchScreen.storyboard in Resources */ = {isa = PBXBuildFile; fileRef = 1B101AC3207363ED002B8046 /* LaunchScreen.storyboard */; };
		1B101AD02073650F002B8046 /* icons8-menu-32.png in Resources */ = {isa = PBXBuildFile; fileRef = 1B101ACE2073650F002B8046 /* icons8-menu-32.png */; };
		1B101AD12073650F002B8046 /* icons8-add-32.png in Resources */ = {isa = PBXBuildFile; fileRef = 1B101ACF2073650F002B8046 /* icons8-add-32.png */; };
		1B101AD520736599002B8046 /* logo.png in Resources */ = {isa = PBXBuildFile; fileRef = 1B101AD220736599002B8046 /* logo.png */; };
		1B101AD620736599002B8046 /* 960 1600 b.png in Resources */ = {isa = PBXBuildFile; fileRef = 1B101AD320736599002B8046 /* 960 1600 b.png */; };
		1B101AD720736599002B8046 /* 960 1600.png in Resources */ = {isa = PBXBuildFile; fileRef = 1B101AD420736599002B8046 /* 960 1600.png */; };
		1B101ADC20736AA3002B8046 /* SWRevealViewController.m in Sources */ = {isa = PBXBuildFile; fileRef = 1B101ADB20736AA3002B8046 /* SWRevealViewController.m */; };
		1B101AE02073711F002B8046 /* NewExpenseViewController.swift in Sources */ = {isa = PBXBuildFile; fileRef = 1B101ADF2073711F002B8046 /* NewExpenseViewController.swift */; };
		1B101AF120737A65002B8046 /* ic_close_red.png in Resources */ = {isa = PBXBuildFile; fileRef = 1B101AE120737A53002B8046 /* ic_close_red.png */; };
		1B101AF220737A65002B8046 /* ic_dashboard.png in Resources */ = {isa = PBXBuildFile; fileRef = 1B101AE220737A54002B8046 /* ic_dashboard.png */; };
		1B101AF320737A65002B8046 /* ic_access_time.png in Resources */ = {isa = PBXBuildFile; fileRef = 1B101AE320737A55002B8046 /* ic_access_time.png */; };
		1B101AF420737A65002B8046 /* ic_notifications.png in Resources */ = {isa = PBXBuildFile; fileRef = 1B101AE420737A56002B8046 /* ic_notifications.png */; };
		1B101AF520737A65002B8046 /* ic_checkbox_checked.png in Resources */ = {isa = PBXBuildFile; fileRef = 1B101AE520737A57002B8046 /* ic_checkbox_checked.png */; };
		1B101AF620737A65002B8046 /* ic_warning.png in Resources */ = {isa = PBXBuildFile; fileRef = 1B101AE620737A59002B8046 /* ic_warning.png */; };
		1B101AF720737A65002B8046 /* ic_auto_renew_white.png in Resources */ = {isa = PBXBuildFile; fileRef = 1B101AE720737A59002B8046 /* ic_auto_renew_white.png */; };
		1B101AF820737A65002B8046 /* ic_date_range.png in Resources */ = {isa = PBXBuildFile; fileRef = 1B101AE820737A5B002B8046 /* ic_date_range.png */; };
		1B101AF920737A65002B8046 /* ic_apps.png in Resources */ = {isa = PBXBuildFile; fileRef = 1B101AE920737A5C002B8046 /* ic_apps.png */; };
		1B101AFA20737A65002B8046 /* ic_delete.png in Resources */ = {isa = PBXBuildFile; fileRef = 1B101AEA20737A5D002B8046 /* ic_delete.png */; };
		1B101AFB20737A65002B8046 /* ic_exit.png in Resources */ = {isa = PBXBuildFile; fileRef = 1B101AEB20737A5E002B8046 /* ic_exit.png */; };
		1B101AFC20737A65002B8046 /* ic_settings.png in Resources */ = {isa = PBXBuildFile; fileRef = 1B101AEC20737A5F002B8046 /* ic_settings.png */; };
		1B101AFD20737A65002B8046 /* ic_add_white.png in Resources */ = {isa = PBXBuildFile; fileRef = 1B101AED20737A60002B8046 /* ic_add_white.png */; };
		1B101AFE20737A65002B8046 /* ic_checkbox.png in Resources */ = {isa = PBXBuildFile; fileRef = 1B101AEE20737A62002B8046 /* ic_checkbox.png */; };
		1B101AFF20737A65002B8046 /* ic_arrow_down_green.png in Resources */ = {isa = PBXBuildFile; fileRef = 1B101AEF20737A63002B8046 /* ic_arrow_down_green.png */; };
		1B101B0020737A65002B8046 /* ic_dollar.png in Resources */ = {isa = PBXBuildFile; fileRef = 1B101AF020737A64002B8046 /* ic_dollar.png */; };
		1B6DBC0820751F920000A995 /* ExpensesViewController.swift in Sources */ = {isa = PBXBuildFile; fileRef = 1B6DBC0720751F920000A995 /* ExpensesViewController.swift */; };
		1B6DBC0A20751FCD0000A995 /* budgetViewController.swift in Sources */ = {isa = PBXBuildFile; fileRef = 1B6DBC0920751FCD0000A995 /* budgetViewController.swift */; };
		1B6DBC0C207520080000A995 /* configurationTableViewController.swift in Sources */ = {isa = PBXBuildFile; fileRef = 1B6DBC0B207520080000A995 /* configurationTableViewController.swift */; };
		1B6DBC0E207520530000A995 /* seuilsViewController.swift in Sources */ = {isa = PBXBuildFile; fileRef = 1B6DBC0D207520530000A995 /* seuilsViewController.swift */; };
		1B757C282089CE250000512C /* LogInViewController.swift in Sources */ = {isa = PBXBuildFile; fileRef = 1B757C272089CE250000512C /* LogInViewController.swift */; };
		1B757C2A2089CEDD0000512C /* inscriptionViewController.swift in Sources */ = {isa = PBXBuildFile; fileRef = 1B757C292089CEDD0000512C /* inscriptionViewController.swift */; };
		1B757C2D2089D6930000512C /* budgetTableViewCell.swift in Sources */ = {isa = PBXBuildFile; fileRef = 1B757C2B2089D6930000512C /* budgetTableViewCell.swift */; };
		1B757C2E2089D6930000512C /* budgetTableViewCell.xib in Resources */ = {isa = PBXBuildFile; fileRef = 1B757C2C2089D6930000512C /* budgetTableViewCell.xib */; };
		1B757C362089F44A0000512C /* expensesTableViewCell.swift in Sources */ = {isa = PBXBuildFile; fileRef = 1B757C342089F44A0000512C /* expensesTableViewCell.swift */; };
		1B757C372089F44A0000512C /* expensesTableViewCell.xib in Resources */ = {isa = PBXBuildFile; fileRef = 1B757C352089F44A0000512C /* expensesTableViewCell.xib */; };
		1B757C392089FE290000512C /* homeViewController.swift in Sources */ = {isa = PBXBuildFile; fileRef = 1B757C382089FE290000512C /* homeViewController.swift */; };
/* End PBXBuildFile section */

/* Begin PBXFileReference section */
		1B101AB7207363ED002B8046 /* BudgetApp.app */ = {isa = PBXFileReference; explicitFileType = wrapper.application; includeInIndex = 0; path = BudgetApp.app; sourceTree = BUILT_PRODUCTS_DIR; };
		1B101ABA207363ED002B8046 /* AppDelegate.swift */ = {isa = PBXFileReference; lastKnownFileType = sourcecode.swift; path = AppDelegate.swift; sourceTree = "<group>"; };
		1B101ABF207363ED002B8046 /* Base */ = {isa = PBXFileReference; lastKnownFileType = file.storyboard; name = Base; path = Base.lproj/Main.storyboard; sourceTree = "<group>"; };
		1B101AC1207363ED002B8046 /* Assets.xcassets */ = {isa = PBXFileReference; lastKnownFileType = folder.assetcatalog; path = Assets.xcassets; sourceTree = "<group>"; };
		1B101AC4207363ED002B8046 /* Base */ = {isa = PBXFileReference; lastKnownFileType = file.storyboard; name = Base; path = Base.lproj/LaunchScreen.storyboard; sourceTree = "<group>"; };
		1B101AC6207363ED002B8046 /* Info.plist */ = {isa = PBXFileReference; lastKnownFileType = text.plist.xml; path = Info.plist; sourceTree = "<group>"; };
		1B101ACE2073650F002B8046 /* icons8-menu-32.png */ = {isa = PBXFileReference; lastKnownFileType = image.png; path = "icons8-menu-32.png"; sourceTree = "<group>"; };
		1B101ACF2073650F002B8046 /* icons8-add-32.png */ = {isa = PBXFileReference; lastKnownFileType = image.png; path = "icons8-add-32.png"; sourceTree = "<group>"; };
		1B101AD220736599002B8046 /* logo.png */ = {isa = PBXFileReference; lastKnownFileType = image.png; path = logo.png; sourceTree = "<group>"; };
		1B101AD320736599002B8046 /* 960 1600 b.png */ = {isa = PBXFileReference; lastKnownFileType = image.png; path = "960 1600 b.png"; sourceTree = "<group>"; };
		1B101AD420736599002B8046 /* 960 1600.png */ = {isa = PBXFileReference; lastKnownFileType = image.png; path = "960 1600.png"; sourceTree = "<group>"; };
		1B101AD920736AA3002B8046 /* BudgetApp-Bridging-Header.h */ = {isa = PBXFileReference; lastKnownFileType = sourcecode.c.h; path = "BudgetApp-Bridging-Header.h"; sourceTree = "<group>"; };
		1B101ADA20736AA3002B8046 /* SWRevealViewController.h */ = {isa = PBXFileReference; fileEncoding = 4; lastKnownFileType = sourcecode.c.h; path = SWRevealViewController.h; sourceTree = "<group>"; };
		1B101ADB20736AA3002B8046 /* SWRevealViewController.m */ = {isa = PBXFileReference; fileEncoding = 4; lastKnownFileType = sourcecode.c.objc; path = SWRevealViewController.m; sourceTree = "<group>"; };
		1B101ADF2073711F002B8046 /* NewExpenseViewController.swift */ = {isa = PBXFileReference; fileEncoding = 4; lastKnownFileType = sourcecode.swift; path = NewExpenseViewController.swift; sourceTree = "<group>"; };
		1B101AE120737A53002B8046 /* ic_close_red.png */ = {isa = PBXFileReference; lastKnownFileType = image.png; path = ic_close_red.png; sourceTree = "<group>"; };
		1B101AE220737A54002B8046 /* ic_dashboard.png */ = {isa = PBXFileReference; lastKnownFileType = image.png; path = ic_dashboard.png; sourceTree = "<group>"; };
		1B101AE320737A55002B8046 /* ic_access_time.png */ = {isa = PBXFileReference; lastKnownFileType = image.png; path = ic_access_time.png; sourceTree = "<group>"; };
		1B101AE420737A56002B8046 /* ic_notifications.png */ = {isa = PBXFileReference; lastKnownFileType = image.png; path = ic_notifications.png; sourceTree = "<group>"; };
		1B101AE520737A57002B8046 /* ic_checkbox_checked.png */ = {isa = PBXFileReference; lastKnownFileType = image.png; path = ic_checkbox_checked.png; sourceTree = "<group>"; };
		1B101AE620737A59002B8046 /* ic_warning.png */ = {isa = PBXFileReference; lastKnownFileType = image.png; path = ic_warning.png; sourceTree = "<group>"; };
		1B101AE720737A59002B8046 /* ic_auto_renew_white.png */ = {isa = PBXFileReference; lastKnownFileType = image.png; path = ic_auto_renew_white.png; sourceTree = "<group>"; };
		1B101AE820737A5B002B8046 /* ic_date_range.png */ = {isa = PBXFileReference; lastKnownFileType = image.png; path = ic_date_range.png; sourceTree = "<group>"; };
		1B101AE920737A5C002B8046 /* ic_apps.png */ = {isa = PBXFileReference; lastKnownFileType = image.png; path = ic_apps.png; sourceTree = "<group>"; };
		1B101AEA20737A5D002B8046 /* ic_delete.png */ = {isa = PBXFileReference; lastKnownFileType = image.png; path = ic_delete.png; sourceTree = "<group>"; };
		1B101AEB20737A5E002B8046 /* ic_exit.png */ = {isa = PBXFileReference; lastKnownFileType = image.png; path = ic_exit.png; sourceTree = "<group>"; };
		1B101AEC20737A5F002B8046 /* ic_settings.png */ = {isa = PBXFileReference; lastKnownFileType = image.png; path = ic_settings.png; sourceTree = "<group>"; };
		1B101AED20737A60002B8046 /* ic_add_white.png */ = {isa = PBXFileReference; lastKnownFileType = image.png; path = ic_add_white.png; sourceTree = "<group>"; };
		1B101AEE20737A62002B8046 /* ic_checkbox.png */ = {isa = PBXFileReference; lastKnownFileType = image.png; path = ic_checkbox.png; sourceTree = "<group>"; };
		1B101AEF20737A63002B8046 /* ic_arrow_down_green.png */ = {isa = PBXFileReference; lastKnownFileType = image.png; path = ic_arrow_down_green.png; sourceTree = "<group>"; };
		1B101AF020737A64002B8046 /* ic_dollar.png */ = {isa = PBXFileReference; lastKnownFileType = image.png; path = ic_dollar.png; sourceTree = "<group>"; };
		1B6DBC0720751F920000A995 /* ExpensesViewController.swift */ = {isa = PBXFileReference; lastKnownFileType = sourcecode.swift; path = ExpensesViewController.swift; sourceTree = "<group>"; };
		1B6DBC0920751FCD0000A995 /* budgetViewController.swift */ = {isa = PBXFileReference; lastKnownFileType = sourcecode.swift; path = budgetViewController.swift; sourceTree = "<group>"; };
		1B6DBC0B207520080000A995 /* configurationTableViewController.swift */ = {isa = PBXFileReference; lastKnownFileType = sourcecode.swift; path = configurationTableViewController.swift; sourceTree = "<group>"; };
		1B6DBC0D207520530000A995 /* seuilsViewController.swift */ = {isa = PBXFileReference; lastKnownFileType = sourcecode.swift; path = seuilsViewController.swift; sourceTree = "<group>"; };
		1B757C272089CE250000512C /* LogInViewController.swift */ = {isa = PBXFileReference; lastKnownFileType = sourcecode.swift; path = LogInViewController.swift; sourceTree = "<group>"; };
		1B757C292089CEDD0000512C /* inscriptionViewController.swift */ = {isa = PBXFileReference; lastKnownFileType = sourcecode.swift; path = inscriptionViewController.swift; sourceTree = "<group>"; };
		1B757C2B2089D6930000512C /* budgetTableViewCell.swift */ = {isa = PBXFileReference; lastKnownFileType = sourcecode.swift; path = budgetTableViewCell.swift; sourceTree = "<group>"; };
		1B757C2C2089D6930000512C /* budgetTableViewCell.xib */ = {isa = PBXFileReference; lastKnownFileType = file.xib; path = budgetTableViewCell.xib; sourceTree = "<group>"; };
		1B757C342089F44A0000512C /* expensesTableViewCell.swift */ = {isa = PBXFileReference; lastKnownFileType = sourcecode.swift; path = expensesTableViewCell.swift; sourceTree = "<group>"; };
		1B757C352089F44A0000512C /* expensesTableViewCell.xib */ = {isa = PBXFileReference; lastKnownFileType = file.xib; path = expensesTableViewCell.xib; sourceTree = "<group>"; };
		1B757C382089FE290000512C /* homeViewController.swift */ = {isa = PBXFileReference; lastKnownFileType = sourcecode.swift; path = homeViewController.swift; sourceTree = "<group>"; };
/* End PBXFileReference section */

/* Begin PBXFrameworksBuildPhase section */
		1B101AB4207363ED002B8046 /* Frameworks */ = {
			isa = PBXFrameworksBuildPhase;
			buildActionMask = 2147483647;
			files = (
			);
			runOnlyForDeploymentPostprocessing = 0;
		};
/* End PBXFrameworksBuildPhase section */

/* Begin PBXGroup section */
		1B101AAE207363ED002B8046 = {
			isa = PBXGroup;
			children = (
				1B101AB9207363ED002B8046 /* BudgetApp */,
				1B101AB8207363ED002B8046 /* Products */,
			);
			sourceTree = "<group>";
		};
		1B101AB8207363ED002B8046 /* Products */ = {
			isa = PBXGroup;
			children = (
				1B101AB7207363ED002B8046 /* BudgetApp.app */,
			);
			name = Products;
			sourceTree = "<group>";
		};
		1B101AB9207363ED002B8046 /* BudgetApp */ = {
			isa = PBXGroup;
			children = (
				1B101AD820736682002B8046 /* Main */,
				1B101AC1207363ED002B8046 /* Assets.xcassets */,
				1B101AC3207363ED002B8046 /* LaunchScreen.storyboard */,
				1B101AC6207363ED002B8046 /* Info.plist */,
				1B101ACD207364B8002B8046 /* ObjC */,
				1B101ACC207364A4002B8046 /* Pictures */,
			);
			path = BudgetApp;
			sourceTree = "<group>";
		};
		1B101ACC207364A4002B8046 /* Pictures */ = {
			isa = PBXGroup;
			children = (
				1B101AE320737A55002B8046 /* ic_access_time.png */,
				1B101AED20737A60002B8046 /* ic_add_white.png */,
				1B101AE920737A5C002B8046 /* ic_apps.png */,
				1B101AEF20737A63002B8046 /* ic_arrow_down_green.png */,
				1B101AE720737A59002B8046 /* ic_auto_renew_white.png */,
				1B101AE520737A57002B8046 /* ic_checkbox_checked.png */,
				1B101AEE20737A62002B8046 /* ic_checkbox.png */,
				1B101AE120737A53002B8046 /* ic_close_red.png */,
				1B101AE220737A54002B8046 /* ic_dashboard.png */,
				1B101AE820737A5B002B8046 /* ic_date_range.png */,
				1B101AEA20737A5D002B8046 /* ic_delete.png */,
				1B101AF020737A64002B8046 /* ic_dollar.png */,
				1B101AEB20737A5E002B8046 /* ic_exit.png */,
				1B101AE420737A56002B8046 /* ic_notifications.png */,
				1B101AEC20737A5F002B8046 /* ic_settings.png */,
				1B101AE620737A59002B8046 /* ic_warning.png */,
				1B101AD320736599002B8046 /* 960 1600 b.png */,
				1B101AD420736599002B8046 /* 960 1600.png */,
				1B101AD220736599002B8046 /* logo.png */,
				1B101ACF2073650F002B8046 /* icons8-add-32.png */,
				1B101ACE2073650F002B8046 /* icons8-menu-32.png */,
			);
			path = Pictures;
			sourceTree = "<group>";
		};
		1B101ACD207364B8002B8046 /* ObjC */ = {
			isa = PBXGroup;
			children = (
				1B101ADA20736AA3002B8046 /* SWRevealViewController.h */,
				1B101ADB20736AA3002B8046 /* SWRevealViewController.m */,
				1B101AD920736AA3002B8046 /* BudgetApp-Bridging-Header.h */,
			);
			path = ObjC;
			sourceTree = "<group>";
		};
		1B101AD820736682002B8046 /* Main */ = {
			isa = PBXGroup;
			children = (
				1B101ABE207363ED002B8046 /* Main.storyboard */,
				1B757C272089CE250000512C /* LogInViewController.swift */,
				1B757C292089CEDD0000512C /* inscriptionViewController.swift */,
				1B101ADD207370DF002B8046 /* Dépenses */,
				1B101ADE207370E8002B8046 /* Budget */,
				1B757C332089E0AE0000512C /* Seuils */,
				1B101ABA207363ED002B8046 /* AppDelegate.swift */,
				1B6DBC0B207520080000A995 /* configurationTableViewController.swift */,
				1B757C382089FE290000512C /* homeViewController.swift */,
			);
			path = Main;
			sourceTree = "<group>";
		};
		1B101ADD207370DF002B8046 /* Dépenses */ = {
			isa = PBXGroup;
			children = (
				1B6DBC0720751F920000A995 /* ExpensesViewController.swift */,
				1B101ADF2073711F002B8046 /* NewExpenseViewController.swift */,
				1B757C342089F44A0000512C /* expensesTableViewCell.swift */,
				1B757C352089F44A0000512C /* expensesTableViewCell.xib */,
			);
			name = "Dépenses";
			path = "Dépenses";
			sourceTree = "<group>";
		};
		1B101ADE207370E8002B8046 /* Budget */ = {
			isa = PBXGroup;
			children = (
				1B6DBC0920751FCD0000A995 /* budgetViewController.swift */,
				1B757C2B2089D6930000512C /* budgetTableViewCell.swift */,
				1B757C2C2089D6930000512C /* budgetTableViewCell.xib */,
			);
			path = Budget;
			sourceTree = "<group>";
		};
		1B757C332089E0AE0000512C /* Seuils */ = {
			isa = PBXGroup;
			children = (
				1B6DBC0D207520530000A995 /* seuilsViewController.swift */,
			);
			path = Seuils;
			sourceTree = "<group>";
		};
/* End PBXGroup section */

/* Begin PBXNativeTarget section */
		1B101AB6207363ED002B8046 /* BudgetApp */ = {
			isa = PBXNativeTarget;
			buildConfigurationList = 1B101AC9207363ED002B8046 /* Build configuration list for PBXNativeTarget "BudgetApp" */;
			buildPhases = (
				1B101AB3207363ED002B8046 /* Sources */,
				1B101AB4207363ED002B8046 /* Frameworks */,
				1B101AB5207363ED002B8046 /* Resources */,
			);
			buildRules = (
			);
			dependencies = (
			);
			name = BudgetApp;
			productName = BudgetApp;
			productReference = 1B101AB7207363ED002B8046 /* BudgetApp.app */;
			productType = "com.apple.product-type.application";
		};
/* End PBXNativeTarget section */

/* Begin PBXProject section */
		1B101AAF207363ED002B8046 /* Project object */ = {
			isa = PBXProject;
			attributes = {
				LastSwiftUpdateCheck = 0920;
				LastUpgradeCheck = 0920;
				ORGANIZATIONNAME = "PHP AFRIQUE";
				TargetAttributes = {
					1B101AB6207363ED002B8046 = {
						CreatedOnToolsVersion = 9.2;
						LastSwiftMigration = 0920;
						ProvisioningStyle = Automatic;
					};
				};
			};
			buildConfigurationList = 1B101AB2207363ED002B8046 /* Build configuration list for PBXProject "BudgetApp" */;
			compatibilityVersion = "Xcode 8.0";
			developmentRegion = en;
			hasScannedForEncodings = 0;
			knownRegions = (
				en,
				Base,
			);
			mainGroup = 1B101AAE207363ED002B8046;
			productRefGroup = 1B101AB8207363ED002B8046 /* Products */;
			projectDirPath = "";
			projectRoot = "";
			targets = (
				1B101AB6207363ED002B8046 /* BudgetApp */,
			);
		};
/* End PBXProject section */

/* Begin PBXResourcesBuildPhase section */
		1B101AB5207363ED002B8046 /* Resources */ = {
			isa = PBXResourcesBuildPhase;
			buildActionMask = 2147483647;
			files = (
				1B101AFB20737A65002B8046 /* ic_exit.png in Resources */,
				1B101AF420737A65002B8046 /* ic_notifications.png in Resources */,
				1B101AF220737A65002B8046 /* ic_dashboard.png in Resources */,
				1B101AC5207363ED002B8046 /* LaunchScreen.storyboard in Resources */,
				1B101AF120737A65002B8046 /* ic_close_red.png in Resources */,
				1B101AD02073650F002B8046 /* icons8-menu-32.png in Resources */,
				1B101AFC20737A65002B8046 /* ic_settings.png in Resources */,
				1B101AFD20737A65002B8046 /* ic_add_white.png in Resources */,
				1B101AD520736599002B8046 /* logo.png in Resources */,
				1B101B0020737A65002B8046 /* ic_dollar.png in Resources */,
				1B101AFA20737A65002B8046 /* ic_delete.png in Resources */,
				1B101AD620736599002B8046 /* 960 1600 b.png in Resources */,
				1B101AD12073650F002B8046 /* icons8-add-32.png in Resources */,
				1B101AF920737A65002B8046 /* ic_apps.png in Resources */,
				1B101AF320737A65002B8046 /* ic_access_time.png in Resources */,
				1B101AFF20737A65002B8046 /* ic_arrow_down_green.png in Resources */,
				1B101AF820737A65002B8046 /* ic_date_range.png in Resources */,
				1B101AD720736599002B8046 /* 960 1600.png in Resources */,
				1B757C2E2089D6930000512C /* budgetTableViewCell.xib in Resources */,
				1B101AFE20737A65002B8046 /* ic_checkbox.png in Resources */,
				1B101AF620737A65002B8046 /* ic_warning.png in Resources */,
				1B101AC2207363ED002B8046 /* Assets.xcassets in Resources */,
				1B101AC0207363ED002B8046 /* Main.storyboard in Resources */,
				1B101AF520737A65002B8046 /* ic_checkbox_checked.png in Resources */,
				1B757C372089F44A0000512C /* expensesTableViewCell.xib in Resources */,
				1B101AF720737A65002B8046 /* ic_auto_renew_white.png in Resources */,
			);
			runOnlyForDeploymentPostprocessing = 0;
		};
/* End PBXResourcesBuildPhase section */

/* Begin PBXSourcesBuildPhase section */
		1B101AB3207363ED002B8046 /* Sources */ = {
			isa = PBXSourcesBuildPhase;
			buildActionMask = 2147483647;
			files = (
				1B757C2D2089D6930000512C /* budgetTableViewCell.swift in Sources */,
				1B6DBC0E207520530000A995 /* seuilsViewController.swift in Sources */,
				1B757C282089CE250000512C /* LogInViewController.swift in Sources */,
				1B101ABB207363ED002B8046 /* AppDelegate.swift in Sources */,
				1B101AE02073711F002B8046 /* NewExpenseViewController.swift in Sources */,
				1B6DBC0A20751FCD0000A995 /* budgetViewController.swift in Sources */,
				1B6DBC0820751F920000A995 /* ExpensesViewController.swift in Sources */,
				1B757C392089FE290000512C /* homeViewController.swift in Sources */,
				1B757C362089F44A0000512C /* expensesTableViewCell.swift in Sources */,
				1B101ADC20736AA3002B8046 /* SWRevealViewController.m in Sources */,
				1B6DBC0C207520080000A995 /* configurationTableViewController.swift in Sources */,
				1B757C2A2089CEDD0000512C /* inscriptionViewController.swift in Sources */,
			);
			runOnlyForDeploymentPostprocessing = 0;
		};
/* End PBXSourcesBuildPhase section */

/* Begin PBXVariantGroup section */
		1B101ABE207363ED002B8046 /* Main.storyboard */ = {
			isa = PBXVariantGroup;
			children = (
				1B101ABF207363ED002B8046 /* Base */,
			);
			name = Main.storyboard;
			sourceTree = "<group>";
		};
		1B101AC3207363ED002B8046 /* LaunchScreen.storyboard */ = {
			isa = PBXVariantGroup;
			children = (
				1B101AC4207363ED002B8046 /* Base */,
			);
			name = LaunchScreen.storyboard;
			sourceTree = "<group>";
		};
/* End PBXVariantGroup section */

/* Begin XCBuildConfiguration section */
		1B101AC7207363ED002B8046 /* Debug */ = {
			isa = XCBuildConfiguration;
			buildSettings = {
				ALWAYS_SEARCH_USER_PATHS = NO;
				CLANG_ANALYZER_NONNULL = YES;
				CLANG_ANALYZER_NUMBER_OBJECT_CONVERSION = YES_AGGRESSIVE;
				CLANG_CXX_LANGUAGE_STANDARD = "gnu++14";
				CLANG_CXX_LIBRARY = "libc++";
				CLANG_ENABLE_MODULES = YES;
				CLANG_ENABLE_OBJC_ARC = YES;
				CLANG_WARN_BLOCK_CAPTURE_AUTORELEASING = YES;
				CLANG_WARN_BOOL_CONVERSION = YES;
				CLANG_WARN_COMMA = YES;
				CLANG_WARN_CONSTANT_CONVERSION = YES;
				CLANG_WARN_DIRECT_OBJC_ISA_USAGE = YES_ERROR;
				CLANG_WARN_DOCUMENTATION_COMMENTS = YES;
				CLANG_WARN_EMPTY_BODY = YES;
				CLANG_WARN_ENUM_CONVERSION = YES;
				CLANG_WARN_INFINITE_RECURSION = YES;
				CLANG_WARN_INT_CONVERSION = YES;
				CLANG_WARN_NON_LITERAL_NULL_CONVERSION = YES;
				CLANG_WARN_OBJC_LITERAL_CONVERSION = YES;
				CLANG_WARN_OBJC_ROOT_CLASS = YES_ERROR;
				CLANG_WARN_RANGE_LOOP_ANALYSIS = YES;
				CLANG_WARN_STRICT_PROTOTYPES = YES;
				CLANG_WARN_SUSPICIOUS_MOVE = YES;
				CLANG_WARN_UNGUARDED_AVAILABILITY = YES_AGGRESSIVE;
				CLANG_WARN_UNREACHABLE_CODE = YES;
				CLANG_WARN__DUPLICATE_METHOD_MATCH = YES;
				CODE_SIGN_IDENTITY = "iPhone Developer";
				COPY_PHASE_STRIP = NO;
				DEBUG_INFORMATION_FORMAT = dwarf;
				ENABLE_STRICT_OBJC_MSGSEND = YES;
				ENABLE_TESTABILITY = YES;
				GCC_C_LANGUAGE_STANDARD = gnu11;
				GCC_DYNAMIC_NO_PIC = NO;
				GCC_NO_COMMON_BLOCKS = YES;
				GCC_OPTIMIZATION_LEVEL = 0;
				GCC_PREPROCESSOR_DEFINITIONS = (
					"DEBUG=1",
					"$(inherited)",
				);
				GCC_WARN_64_TO_32_BIT_CONVERSION = YES;
				GCC_WARN_ABOUT_RETURN_TYPE = YES_ERROR;
				GCC_WARN_UNDECLARED_SELECTOR = YES;
				GCC_WARN_UNINITIALIZED_AUTOS = YES_AGGRESSIVE;
				GCC_WARN_UNUSED_FUNCTION = YES;
				GCC_WARN_UNUSED_VARIABLE = YES;
				IPHONEOS_DEPLOYMENT_TARGET = 11.2;
				MTL_ENABLE_DEBUG_INFO = YES;
				ONLY_ACTIVE_ARCH = YES;
				SDKROOT = iphoneos;
				SWIFT_ACTIVE_COMPILATION_CONDITIONS = DEBUG;
				SWIFT_OPTIMIZATION_LEVEL = "-Onone";
			};
			name = Debug;
		};
		1B101AC8207363ED002B8046 /* Release */ = {
			isa = XCBuildConfiguration;
			buildSettings = {
				ALWAYS_SEARCH_USER_PATHS = NO;
				CLANG_ANALYZER_NONNULL = YES;
				CLANG_ANALYZER_NUMBER_OBJECT_CONVERSION = YES_AGGRESSIVE;
				CLANG_CXX_LANGUAGE_STANDARD = "gnu++14";
				CLANG_CXX_LIBRARY = "libc++";
				CLANG_ENABLE_MODULES = YES;
				CLANG_ENABLE_OBJC_ARC = YES;
				CLANG_WARN_BLOCK_CAPTURE_AUTORELEASING = YES;
				CLANG_WARN_BOOL_CONVERSION = YES;
				CLANG_WARN_COMMA = YES;
				CLANG_WARN_CONSTANT_CONVERSION = YES;
				CLANG_WARN_DIRECT_OBJC_ISA_USAGE = YES_ERROR;
				CLANG_WARN_DOCUMENTATION_COMMENTS = YES;
				CLANG_WARN_EMPTY_BODY = YES;
				CLANG_WARN_ENUM_CONVERSION = YES;
				CLANG_WARN_INFINITE_RECURSION = YES;
				CLANG_WARN_INT_CONVERSION = YES;
				CLANG_WARN_NON_LITERAL_NULL_CONVERSION = YES;
				CLANG_WARN_OBJC_LITERAL_CONVERSION = YES;
				CLANG_WARN_OBJC_ROOT_CLASS = YES_ERROR;
				CLANG_WARN_RANGE_LOOP_ANALYSIS = YES;
				CLANG_WARN_STRICT_PROTOTYPES = YES;
				CLANG_WARN_SUSPICIOUS_MOVE = YES;
				CLANG_WARN_UNGUARDED_AVAILABILITY = YES_AGGRESSIVE;
				CLANG_WARN_UNREACHABLE_CODE = YES;
				CLANG_WARN__DUPLICATE_METHOD_MATCH = YES;
				CODE_SIGN_IDENTITY = "iPhone Developer";
				COPY_PHASE_STRIP = NO;
				DEBUG_INFORMATION_FORMAT = "dwarf-with-dsym";
				ENABLE_NS_ASSERTIONS = NO;
				ENABLE_STRICT_OBJC_MSGSEND = YES;
				GCC_C_LANGUAGE_STANDARD = gnu11;
				GCC_NO_COMMON_BLOCKS = YES;
				GCC_WARN_64_TO_32_BIT_CONVERSION = YES;
				GCC_WARN_ABOUT_RETURN_TYPE = YES_ERROR;
				GCC_WARN_UNDECLARED_SELECTOR = YES;
				GCC_WARN_UNINITIALIZED_AUTOS = YES_AGGRESSIVE;
				GCC_WARN_UNUSED_FUNCTION = YES;
				GCC_WARN_UNUSED_VARIABLE = YES;
				IPHONEOS_DEPLOYMENT_TARGET = 11.2;
				MTL_ENABLE_DEBUG_INFO = NO;
				SDKROOT = iphoneos;
				SWIFT_OPTIMIZATION_LEVEL = "-Owholemodule";
				VALIDATE_PRODUCT = YES;
			};
			name = Release;
		};
		1B101ACA207363ED002B8046 /* Debug */ = {
			isa = XCBuildConfiguration;
			buildSettings = {
				ASSETCATALOG_COMPILER_APPICON_NAME = AppIcon;
				CLANG_ENABLE_MODULES = YES;
				CODE_SIGN_STYLE = Automatic;
				DEVELOPMENT_TEAM = L9L72R78Y3;
				INFOPLIST_FILE = BudgetApp/Info.plist;
				LD_RUNPATH_SEARCH_PATHS = "$(inherited) @executable_path/Frameworks";
				PRODUCT_BUNDLE_IDENTIFIER = com.milek.pawel.BudgetApp;
				PRODUCT_NAME = "$(TARGET_NAME)";
				SWIFT_OBJC_BRIDGING_HEADER = "BudgetApp/ObjC/BudgetApp-Bridging-Header.h";
				SWIFT_OPTIMIZATION_LEVEL = "-Onone";
				SWIFT_VERSION = 4.0;
				TARGETED_DEVICE_FAMILY = "1,2";
			};
			name = Debug;
		};
		1B101ACB207363ED002B8046 /* Release */ = {
			isa = XCBuildConfiguration;
			buildSettings = {
				ASSETCATALOG_COMPILER_APPICON_NAME = AppIcon;
				CLANG_ENABLE_MODULES = YES;
				CODE_SIGN_STYLE = Automatic;
				DEVELOPMENT_TEAM = L9L72R78Y3;
				INFOPLIST_FILE = BudgetApp/Info.plist;
				LD_RUNPATH_SEARCH_PATHS = "$(inherited) @executable_path/Frameworks";
				PRODUCT_BUNDLE_IDENTIFIER = com.milek.pawel.BudgetApp;
				PRODUCT_NAME = "$(TARGET_NAME)";
				SWIFT_OBJC_BRIDGING_HEADER = "BudgetApp/ObjC/BudgetApp-Bridging-Header.h";
				SWIFT_VERSION = 4.0;
				TARGETED_DEVICE_FAMILY = "1,2";
			};
			name = Release;
		};
/* End XCBuildConfiguration section */

/* Begin XCConfigurationList section */
		1B101AB2207363ED002B8046 /* Build configuration list for PBXProject "BudgetApp" */ = {
			isa = XCConfigurationList;
			buildConfigurations = (
				1B101AC7207363ED002B8046 /* Debug */,
				1B101AC8207363ED002B8046 /* Release */,
			);
			defaultConfigurationIsVisible = 0;
			defaultConfigurationName = Release;
		};
		1B101AC9207363ED002B8046 /* Build configuration list for PBXNativeTarget "BudgetApp" */ = {
			isa = XCConfigurationList;
			buildConfigurations = (
				1B101ACA207363ED002B8046 /* Debug */,
				1B101ACB207363ED002B8046 /* Release */,
			);
			defaultConfigurationIsVisible = 0;
			defaultConfigurationName = Release;
		};
/* End XCConfigurationList section */
	};
	rootObject = 1B101AAF207363ED002B8046 /* Project object */;
}
